// !$*UTF8*$!
{
	archiveVersion = 1;
	classes = {
	};
	objectVersion = 55;
	objects = {

/* Begin PBXBuildFile section */
		6DF7E1AB2B221FF600106D25 /* AnimationApp.swift in Sources */ = {isa = PBXBuildFile; fileRef = 6DF7E1AA2B221FF600106D25 /* AnimationApp.swift */; };
		6DF7E1AD2B221FF600106D25 /* ContentView.swift in Sources */ = {isa = PBXBuildFile; fileRef = 6DF7E1AC2B221FF600106D25 /* ContentView.swift */; };
		6DF7E1AF2B221FF800106D25 /* Assets.xcassets in Resources */ = {isa = PBXBuildFile; fileRef = 6DF7E1AE2B221FF800106D25 /* Assets.xcassets */; };
		6DF7E1B22B221FF800106D25 /* Preview Assets.xcassets in Resources */ = {isa = PBXBuildFile; fileRef = 6DF7E1B12B221FF800106D25 /* Preview Assets.xcassets */; };
		6DF7E1BC2B221FF800106D25 /* AnimationTests.swift in Sources */ = {isa = PBXBuildFile; fileRef = 6DF7E1BB2B221FF800106D25 /* AnimationTests.swift */; };
		6DF7E1C62B221FF800106D25 /* AnimationUITests.swift in Sources */ = {isa = PBXBuildFile; fileRef = 6DF7E1C52B221FF800106D25 /* AnimationUITests.swift */; };
		6DF7E1C82B221FF800106D25 /* AnimationUITestsLaunchTests.swift in Sources */ = {isa = PBXBuildFile; fileRef = 6DF7E1C72B221FF800106D25 /* AnimationUITestsLaunchTests.swift */; };
/* End PBXBuildFile section */

/* Begin PBXContainerItemProxy section */
		6DF7E1B82B221FF800106D25 /* PBXContainerItemProxy */ = {
			isa = PBXContainerItemProxy;
			containerPortal = 6DF7E19F2B221FF600106D25 /* Project object */;
			proxyType = 1;
			remoteGlobalIDString = 6DF7E1A62B221FF600106D25;
			remoteInfo = Animation;
		};
		6DF7E1C22B221FF800106D25 /* PBXContainerItemProxy */ = {
			isa = PBXContainerItemProxy;
			containerPortal = 6DF7E19F2B221FF600106D25 /* Project object */;
			proxyType = 1;
			remoteGlobalIDString = 6DF7E1A62B221FF600106D25;
			remoteInfo = Animation;
		};
/* End PBXContainerItemProxy section */

/* Begin PBXFileReference section */
		6DF7E1A72B221FF600106D25 /* Animation.app */ = {isa = PBXFileReference; explicitFileType = wrapper.application; includeInIndex = 0; path = Animation.app; sourceTree = BUILT_PRODUCTS_DIR; };
		6DF7E1AA2B221FF600106D25 /* AnimationApp.swift */ = {isa = PBXFileReference; lastKnownFileType = sourcecode.swift; path = AnimationApp.swift; sourceTree = "<group>"; };
		6DF7E1AC2B221FF600106D25 /* ContentView.swift */ = {isa = PBXFileReference; lastKnownFileType = sourcecode.swift; path = ContentView.swift; sourceTree = "<group>"; };
		6DF7E1AE2B221FF800106D25 /* Assets.xcassets */ = {isa = PBXFileReference; lastKnownFileType = folder.assetcatalog; path = Assets.xcassets; sourceTree = "<group>"; };
		6DF7E1B12B221FF800106D25 /* Preview Assets.xcassets */ = {isa = PBXFileReference; lastKnownFileType = folder.assetcatalog; path = "Preview Assets.xcassets"; sourceTree = "<group>"; };
		6DF7E1B72B221FF800106D25 /* AnimationTests.xctest */ = {isa = PBXFileReference; explicitFileType = wrapper.cfbundle; includeInIndex = 0; path = AnimationTests.xctest; sourceTree = BUILT_PRODUCTS_DIR; };
		6DF7E1BB2B221FF800106D25 /* AnimationTests.swift */ = {isa = PBXFileReference; lastKnownFileType = sourcecode.swift; path = AnimationTests.swift; sourceTree = "<group>"; };
		6DF7E1C12B221FF800106D25 /* AnimationUITests.xctest */ = {isa = PBXFileReference; explicitFileType = wrapper.cfbundle; includeInIndex = 0; path = AnimationUITests.xctest; sourceTree = BUILT_PRODUCTS_DIR; };
		6DF7E1C52B221FF800106D25 /* AnimationUITests.swift */ = {isa = PBXFileReference; lastKnownFileType = sourcecode.swift; path = AnimationUITests.swift; sourceTree = "<group>"; };
		6DF7E1C72B221FF800106D25 /* AnimationUITestsLaunchTests.swift */ = {isa = PBXFileReference; lastKnownFileType = sourcecode.swift; path = AnimationUITestsLaunchTests.swift; sourceTree = "<group>"; };
/* End PBXFileReference section */

/* Begin PBXFrameworksBuildPhase section */
		6DF7E1A42B221FF600106D25 /* Frameworks */ = {
			isa = PBXFrameworksBuildPhase;
			buildActionMask = 2147483647;
			files = (
			);
			runOnlyForDeploymentPostprocessing = 0;
		};
		6DF7E1B42B221FF800106D25 /* Frameworks */ = {
			isa = PBXFrameworksBuildPhase;
			buildActionMask = 2147483647;
			files = (
			);
			runOnlyForDeploymentPostprocessing = 0;
		};
		6DF7E1BE2B221FF800106D25 /* Frameworks */ = {
			isa = PBXFrameworksBuildPhase;
			buildActionMask = 2147483647;
			files = (
			);
			runOnlyForDeploymentPostprocessing = 0;
		};
/* End PBXFrameworksBuildPhase section */

/* Begin PBXGroup section */
		6DF7E19E2B221FF600106D25 = {
			isa = PBXGroup;
			children = (
				6DF7E1A92B221FF600106D25 /* Animation */,
				6DF7E1BA2B221FF800106D25 /* AnimationTests */,
				6DF7E1C42B221FF800106D25 /* AnimationUITests */,
				6DF7E1A82B221FF600106D25 /* Products */,
			);
			sourceTree = "<group>";
		};
		6DF7E1A82B221FF600106D25 /* Products */ = {
			isa = PBXGroup;
			children = (
				6DF7E1A72B221FF600106D25 /* Animation.app */,
				6DF7E1B72B221FF800106D25 /* AnimationTests.xctest */,
				6DF7E1C12B221FF800106D25 /* AnimationUITests.xctest */,
			);
			name = Products;
			sourceTree = "<group>";
		};
		6DF7E1A92B221FF600106D25 /* Animation */ = {
			isa = PBXGroup;
			children = (
				6DF7E1AA2B221FF600106D25 /* AnimationApp.swift */,
				6DF7E1AC2B221FF600106D25 /* ContentView.swift */,
				6DF7E1AE2B221FF800106D25 /* Assets.xcassets */,
				6DF7E1B02B221FF800106D25 /* Preview Content */,
			);
			path = Animation;
			sourceTree = "<group>";
		};
		6DF7E1B02B221FF800106D25 /* Preview Content */ = {
			isa = PBXGroup;
			children = (
				6DF7E1B12B221FF800106D25 /* Preview Assets.xcassets */,
			);
			path = "Preview Content";
			sourceTree = "<group>";
		};
		6DF7E1BA2B221FF800106D25 /* AnimationTests */ = {
			isa = PBXGroup;
			children = (
				6DF7E1BB2B221FF800106D25 /* AnimationTests.swift */,
			);
			path = AnimationTests;
			sourceTree = "<group>";
		};
		6DF7E1C42B221FF800106D25 /* AnimationUITests */ = {
			isa = PBXGroup;
			children = (
				6DF7E1C52B221FF800106D25 /* AnimationUITests.swift */,
				6DF7E1C72B221FF800106D25 /* AnimationUITestsLaunchTests.swift */,
			);
			path = AnimationUITests;
			sourceTree = "<group>";
		};
/* End PBXGroup section */

/* Begin PBXNativeTarget section */
		6DF7E1A62B221FF600106D25 /* Animation */ = {
			isa = PBXNativeTarget;
			buildConfigurationList = 6DF7E1CB2B221FF800106D25 /* Build configuration list for PBXNativeTarget "Animation" */;
			buildPhases = (
				6DF7E1A32B221FF600106D25 /* Sources */,
				6DF7E1A42B221FF600106D25 /* Frameworks */,
				6DF7E1A52B221FF600106D25 /* Resources */,
			);
			buildRules = (
			);
			dependencies = (
			);
			name = Animation;
			productName = Animation;
			productReference = 6DF7E1A72B221FF600106D25 /* Animation.app */;
			productType = "com.apple.product-type.application";
		};
		6DF7E1B62B221FF800106D25 /* AnimationTests */ = {
			isa = PBXNativeTarget;
			buildConfigurationList = 6DF7E1CE2B221FF800106D25 /* Build configuration list for PBXNativeTarget "AnimationTests" */;
			buildPhases = (
				6DF7E1B32B221FF800106D25 /* Sources */,
				6DF7E1B42B221FF800106D25 /* Frameworks */,
				6DF7E1B52B221FF800106D25 /* Resources */,
			);
			buildRules = (
			);
			dependencies = (
				6DF7E1B92B221FF800106D25 /* PBXTargetDependency */,
			);
			name = AnimationTests;
			productName = AnimationTests;
			productReference = 6DF7E1B72B221FF800106D25 /* AnimationTests.xctest */;
			productType = "com.apple.product-type.bundle.unit-test";
		};
		6DF7E1C02B221FF800106D25 /* AnimationUITests */ = {
			isa = PBXNativeTarget;
			buildConfigurationList = 6DF7E1D12B221FF800106D25 /* Build configuration list for PBXNativeTarget "AnimationUITests" */;
			buildPhases = (
				6DF7E1BD2B221FF800106D25 /* Sources */,
				6DF7E1BE2B221FF800106D25 /* Frameworks */,
				6DF7E1BF2B221FF800106D25 /* Resources */,
			);
			buildRules = (
			);
			dependencies = (
				6DF7E1C32B221FF800106D25 /* PBXTargetDependency */,
			);
			name = AnimationUITests;
			productName = AnimationUITests;
			productReference = 6DF7E1C12B221FF800106D25 /* AnimationUITests.xctest */;
			productType = "com.apple.product-type.bundle.ui-testing";
		};
/* End PBXNativeTarget section */

/* Begin PBXProject section */
		6DF7E19F2B221FF600106D25 /* Project object */ = {
			isa = PBXProject;
			attributes = {
				BuildIndependentTargetsInParallel = 1;
				LastSwiftUpdateCheck = 1300;
				LastUpgradeCheck = 1300;
				TargetAttributes = {
					6DF7E1A62B221FF600106D25 = {
						CreatedOnToolsVersion = 13.0;
					};
					6DF7E1B62B221FF800106D25 = {
						CreatedOnToolsVersion = 13.0;
						TestTargetID = 6DF7E1A62B221FF600106D25;
					};
					6DF7E1C02B221FF800106D25 = {
						CreatedOnToolsVersion = 13.0;
						TestTargetID = 6DF7E1A62B221FF600106D25;
					};
				};
			};
			buildConfigurationList = 6DF7E1A22B221FF600106D25 /* Build configuration list for PBXProject "Animation" */;
			compatibilityVersion = "Xcode 13.0";
			developmentRegion = en;
			hasScannedForEncodings = 0;
			knownRegions = (
				en,
				Base,
			);
			mainGroup = 6DF7E19E2B221FF600106D25;
			productRefGroup = 6DF7E1A82B221FF600106D25 /* Products */;
			projectDirPath = "";
			projectRoot = "";
			targets = (
				6DF7E1A62B221FF600106D25 /* Animation */,
				6DF7E1B62B221FF800106D25 /* AnimationTests */,
				6DF7E1C02B221FF800106D25 /* AnimationUITests */,
			);
		};
/* End PBXProject section */

/* Begin PBXResourcesBuildPhase section */
		6DF7E1A52B221FF600106D25 /* Resources */ = {
			isa = PBXResourcesBuildPhase;
			buildActionMask = 2147483647;
			files = (
				6DF7E1B22B221FF800106D25 /* Preview Assets.xcassets in Resources */,
				6DF7E1AF2B221FF800106D25 /* Assets.xcassets in Resources */,
			);
			runOnlyForDeploymentPostprocessing = 0;
		};
		6DF7E1B52B221FF800106D25 /* Resources */ = {
			isa = PBXResourcesBuildPhase;
			buildActionMask = 2147483647;
			files = (
			);
			runOnlyForDeploymentPostprocessing = 0;
		};
		6DF7E1BF2B221FF800106D25 /* Resources */ = {
			isa = PBXResourcesBuildPhase;
			buildActionMask = 2147483647;
			files = (
			);
			runOnlyForDeploymentPostprocessing = 0;
		};
/* End PBXResourcesBuildPhase section */

/* Begin PBXSourcesBuildPhase section */
		6DF7E1A32B221FF600106D25 /* Sources */ = {
			isa = PBXSourcesBuildPhase;
			buildActionMask = 2147483647;
			files = (
				6DF7E1AD2B221FF600106D25 /* ContentView.swift in Sources */,
				6DF7E1AB2B221FF600106D25 /* AnimationApp.swift in Sources */,
			);
			runOnlyForDeploymentPostprocessing = 0;
		};
		6DF7E1B32B221FF800106D25 /* Sources */ = {
			isa = PBXSourcesBuildPhase;
			buildActionMask = 2147483647;
			files = (
				6DF7E1BC2B221FF800106D25 /* AnimationTests.swift in Sources */,
			);
			runOnlyForDeploymentPostprocessing = 0;
		};
		6DF7E1BD2B221FF800106D25 /* Sources */ = {
			isa = PBXSourcesBuildPhase;
			buildActionMask = 2147483647;
			files = (
				6DF7E1C62B221FF800106D25 /* AnimationUITests.swift in Sources */,
				6DF7E1C82B221FF800106D25 /* AnimationUITestsLaunchTests.swift in Sources */,
			);
			runOnlyForDeploymentPostprocessing = 0;
		};
/* End PBXSourcesBuildPhase section */

/* Begin PBXTargetDependency section */
		6DF7E1B92B221FF800106D25 /* PBXTargetDependency */ = {
			isa = PBXTargetDependency;
			target = 6DF7E1A62B221FF600106D25 /* Animation */;
			targetProxy = 6DF7E1B82B221FF800106D25 /* PBXContainerItemProxy */;
		};
		6DF7E1C32B221FF800106D25 /* PBXTargetDependency */ = {
			isa = PBXTargetDependency;
			target = 6DF7E1A62B221FF600106D25 /* Animation */;
			targetProxy = 6DF7E1C22B221FF800106D25 /* PBXContainerItemProxy */;
		};
/* End PBXTargetDependency section */

/* Begin XCBuildConfiguration section */
		6DF7E1C92B221FF800106D25 /* Debug */ = {
			isa = XCBuildConfiguration;
			buildSettings = {
				ALWAYS_SEARCH_USER_PATHS = NO;
				CLANG_ANALYZER_NONNULL = YES;
				CLANG_ANALYZER_NUMBER_OBJECT_CONVERSION = YES_AGGRESSIVE;
				CLANG_CXX_LANGUAGE_STANDARD = "gnu++17";
				CLANG_CXX_LIBRARY = "libc++";
				CLANG_ENABLE_MODULES = YES;
				CLANG_ENABLE_OBJC_ARC = YES;
				CLANG_ENABLE_OBJC_WEAK = YES;
				CLANG_WARN_BLOCK_CAPTURE_AUTORELEASING = YES;
				CLANG_WARN_BOOL_CONVERSION = YES;
				CLANG_WARN_COMMA = YES;
				CLANG_WARN_CONSTANT_CONVERSION = YES;
				CLANG_WARN_DEPRECATED_OBJC_IMPLEMENTATIONS = YES;
				CLANG_WARN_DIRECT_OBJC_ISA_USAGE = YES_ERROR;
				CLANG_WARN_DOCUMENTATION_COMMENTS = YES;
				CLANG_WARN_EMPTY_BODY = YES;
				CLANG_WARN_ENUM_CONVERSION = YES;
				CLANG_WARN_INFINITE_RECURSION = YES;
				CLANG_WARN_INT_CONVERSION = YES;
				CLANG_WARN_NON_LITERAL_NULL_CONVERSION = YES;
				CLANG_WARN_OBJC_IMPLICIT_RETAIN_SELF = YES;
				CLANG_WARN_OBJC_LITERAL_CONVERSION = YES;
				CLANG_WARN_OBJC_ROOT_CLASS = YES_ERROR;
				CLANG_WARN_QUOTED_INCLUDE_IN_FRAMEWORK_HEADER = YES;
				CLANG_WARN_RANGE_LOOP_ANALYSIS = YES;
				CLANG_WARN_STRICT_PROTOTYPES = YES;
				CLANG_WARN_SUSPICIOUS_MOVE = YES;
				CLANG_WARN_UNGUARDED_AVAILABILITY = YES_AGGRESSIVE;
				CLANG_WARN_UNREACHABLE_CODE = YES;
				CLANG_WARN__DUPLICATE_METHOD_MATCH = YES;
				COPY_PHASE_STRIP = NO;
				DEBUG_INFORMATION_FORMAT = dwarf;
				ENABLE_STRICT_OBJC_MSGSEND = YES;
				ENABLE_TESTABILITY = YES;
				GCC_C_LANGUAGE_STANDARD = gnu11;
				GCC_DYNAMIC_NO_PIC = NO;
				GCC_NO_COMMON_BLOCKS = YES;
				GCC_OPTIMIZATION_LEVEL = 0;
				GCC_PREPROCESSOR_DEFINITIONS = (
					"DEBUG=1",
					"$(inherited)",
				);
				GCC_WARN_64_TO_32_BIT_CONVERSION = YES;
				GCC_WARN_ABOUT_RETURN_TYPE = YES_ERROR;
				GCC_WARN_UNDECLARED_SELECTOR = YES;
				GCC_WARN_UNINITIALIZED_AUTOS = YES_AGGRESSIVE;
				GCC_WARN_UNUSED_FUNCTION = YES;
				GCC_WARN_UNUSED_VARIABLE = YES;
				IPHONEOS_DEPLOYMENT_TARGET = 15.0;
				MTL_ENABLE_DEBUG_INFO = INCLUDE_SOURCE;
				MTL_FAST_MATH = YES;
				ONLY_ACTIVE_ARCH = YES;
				SDKROOT = iphoneos;
				SWIFT_ACTIVE_COMPILATION_CONDITIONS = DEBUG;
				SWIFT_OPTIMIZATION_LEVEL = "-Onone";
			};
			name = Debug;
		};
		6DF7E1CA2B221FF800106D25 /* Release */ = {
			isa = XCBuildConfiguration;
			buildSettings = {
				ALWAYS_SEARCH_USER_PATHS = NO;
				CLANG_ANALYZER_NONNULL = YES;
				CLANG_ANALYZER_NUMBER_OBJECT_CONVERSION = YES_AGGRESSIVE;
				CLANG_CXX_LANGUAGE_STANDARD = "gnu++17";
				CLANG_CXX_LIBRARY = "libc++";
				CLANG_ENABLE_MODULES = YES;
				CLANG_ENABLE_OBJC_ARC = YES;
				CLANG_ENABLE_OBJC_WEAK = YES;
				CLANG_WARN_BLOCK_CAPTURE_AUTORELEASING = YES;
				CLANG_WARN_BOOL_CONVERSION = YES;
				CLANG_WARN_COMMA = YES;
				CLANG_WARN_CONSTANT_CONVERSION = YES;
				CLANG_WARN_DEPRECATED_OBJC_IMPLEMENTATIONS = YES;
				CLANG_WARN_DIRECT_OBJC_ISA_USAGE = YES_ERROR;
				CLANG_WARN_DOCUMENTATION_COMMENTS = YES;
				CLANG_WARN_EMPTY_BODY = YES;
				CLANG_WARN_ENUM_CONVERSION = YES;
				CLANG_WARN_INFINITE_RECURSION = YES;
				CLANG_WARN_INT_CONVERSION = YES;
				CLANG_WARN_NON_LITERAL_NULL_CONVERSION = YES;
				CLANG_WARN_OBJC_IMPLICIT_RETAIN_SELF = YES;
				CLANG_WARN_OBJC_LITERAL_CONVERSION = YES;
				CLANG_WARN_OBJC_ROOT_CLASS = YES_ERROR;
				CLANG_WARN_QUOTED_INCLUDE_IN_FRAMEWORK_HEADER = YES;
				CLANG_WARN_RANGE_LOOP_ANALYSIS = YES;
				CLANG_WARN_STRICT_PROTOTYPES = YES;
				CLANG_WARN_SUSPICIOUS_MOVE = YES;
				CLANG_WARN_UNGUARDED_AVAILABILITY = YES_AGGRESSIVE;
				CLANG_WARN_UNREACHABLE_CODE = YES;
				CLANG_WARN__DUPLICATE_METHOD_MATCH = YES;
				COPY_PHASE_STRIP = NO;
				DEBUG_INFORMATION_FORMAT = "dwarf-with-dsym";
				ENABLE_NS_ASSERTIONS = NO;
				ENABLE_STRICT_OBJC_MSGSEND = YES;
				GCC_C_LANGUAGE_STANDARD = gnu11;
				GCC_NO_COMMON_BLOCKS = YES;
				GCC_WARN_64_TO_32_BIT_CONVERSION = YES;
				GCC_WARN_ABOUT_RETURN_TYPE = YES_ERROR;
				GCC_WARN_UNDECLARED_SELECTOR = YES;
				GCC_WARN_UNINITIALIZED_AUTOS = YES_AGGRESSIVE;
				GCC_WARN_UNUSED_FUNCTION = YES;
				GCC_WARN_UNUSED_VARIABLE = YES;
				IPHONEOS_DEPLOYMENT_TARGET = 15.0;
				MTL_ENABLE_DEBUG_INFO = NO;
				MTL_FAST_MATH = YES;
				SDKROOT = iphoneos;
				SWIFT_COMPILATION_MODE = wholemodule;
				SWIFT_OPTIMIZATION_LEVEL = "-O";
				VALIDATE_PRODUCT = YES;
			};
			name = Release;
		};
		6DF7E1CC2B221FF800106D25 /* Debug */ = {
			isa = XCBuildConfiguration;
			buildSettings = {
				ASSETCATALOG_COMPILER_APPICON_NAME = AppIcon;
				ASSETCATALOG_COMPILER_GLOBAL_ACCENT_COLOR_NAME = AccentColor;
				CODE_SIGN_STYLE = Automatic;
				CURRENT_PROJECT_VERSION = 1;
				DEVELOPMENT_ASSET_PATHS = "\"Animation/Preview Content\"";
				DEVELOPMENT_TEAM = LX72TZB635;
				ENABLE_PREVIEWS = YES;
				GENERATE_INFOPLIST_FILE = YES;
				INFOPLIST_KEY_UIApplicationSceneManifest_Generation = YES;
				INFOPLIST_KEY_UIApplicationSupportsIndirectInputEvents = YES;
				INFOPLIST_KEY_UILaunchScreen_Generation = YES;
				INFOPLIST_KEY_UISupportedInterfaceOrientations_iPad = "UIInterfaceOrientationPortrait UIInterfaceOrientationPortraitUpsideDown UIInterfaceOrientationLandscapeLeft UIInterfaceOrientationLandscapeRight";
				INFOPLIST_KEY_UISupportedInterfaceOrientations_iPhone = "UIInterfaceOrientationPortrait UIInterfaceOrientationLandscapeLeft UIInterfaceOrientationLandscapeRight";
				IPHONEOS_DEPLOYMENT_TARGET = 17.0;
				LD_RUNPATH_SEARCH_PATHS = (
					"$(inherited)",
					"@executable_path/Frameworks",
				);
				MARKETING_VERSION = 1.0;
				PRODUCT_BUNDLE_IDENTIFIER = me.Sajib.Ghosh.Animation;
				PRODUCT_NAME = "$(TARGET_NAME)";
				SWIFT_EMIT_LOC_STRINGS = YES;
				SWIFT_VERSION = 5.0;
				TARGETED_DEVICE_FAMILY = "1,2";
			};
			name = Debug;
		};
		6DF7E1CD2B221FF800106D25 /* Release */ = {
			isa = XCBuildConfiguration;
			buildSettings = {
				ASSETCATALOG_COMPILER_APPICON_NAME = AppIcon;
				ASSETCATALOG_COMPILER_GLOBAL_ACCENT_COLOR_NAME = AccentColor;
				CODE_SIGN_STYLE = Automatic;
				CURRENT_PROJECT_VERSION = 1;
				DEVELOPMENT_ASSET_PATHS = "\"Animation/Preview Content\"";
				DEVELOPMENT_TEAM = LX72TZB635;
				ENABLE_PREVIEWS = YES;
				GENERATE_INFOPLIST_FILE = YES;
				INFOPLIST_KEY_UIApplicationSceneManifest_Generation = YES;
				INFOPLIST_KEY_UIApplicationSupportsIndirectInputEvents = YES;
				INFOPLIST_KEY_UILaunchScreen_Generation = YES;
				INFOPLIST_KEY_UISupportedInterfaceOrientations_iPad = "UIInterfaceOrientationPortrait UIInterfaceOrientationPortraitUpsideDown UIInterfaceOrientationLandscapeLeft UIInterfaceOrientationLandscapeRight";
				INFOPLIST_KEY_UISupportedInterfaceOrientations_iPhone = "UIInterfaceOrientationPortrait UIInterfaceOrientationLandscapeLeft UIInterfaceOrientationLandscapeRight";
				IPHONEOS_DEPLOYMENT_TARGET = 17.0;
				LD_RUNPATH_SEARCH_PATHS = (
					"$(inherited)",
					"@executable_path/Frameworks",
				);
				MARKETING_VERSION = 1.0;
				PRODUCT_BUNDLE_IDENTIFIER = me.Sajib.Ghosh.Animation;
				PRODUCT_NAME = "$(TARGET_NAME)";
				SWIFT_EMIT_LOC_STRINGS = YES;
				SWIFT_VERSION = 5.0;
				TARGETED_DEVICE_FAMILY = "1,2";
			};
			name = Release;
		};
		6DF7E1CF2B221FF800106D25 /* Debug */ = {
			isa = XCBuildConfiguration;
			buildSettings = {
				ALWAYS_EMBED_SWIFT_STANDARD_LIBRARIES = YES;
				BUNDLE_LOADER = "$(TEST_HOST)";
				CODE_SIGN_STYLE = Automatic;
				CURRENT_PROJECT_VERSION = 1;
				DEVELOPMENT_TEAM = LX72TZB635;
				GENERATE_INFOPLIST_FILE = YES;
				IPHONEOS_DEPLOYMENT_TARGET = 14.0;
				LD_RUNPATH_SEARCH_PATHS = (
					"$(inherited)",
					"@executable_path/Frameworks",
					"@loader_path/Frameworks",
				);
				MARKETING_VERSION = 1.0;
				PRODUCT_BUNDLE_IDENTIFIER = me.Sajib.Ghosh.AnimationTests;
				PRODUCT_NAME = "$(TARGET_NAME)";
				SWIFT_EMIT_LOC_STRINGS = NO;
				SWIFT_VERSION = 5.0;
				TARGETED_DEVICE_FAMILY = "1,2";
				TEST_HOST = "$(BUILT_PRODUCTS_DIR)/Animation.app/Animation";
			};
			name = Debug;
		};
		6DF7E1D02B221FF800106D25 /* Release */ = {
			isa = XCBuildConfiguration;
			buildSettings = {
				ALWAYS_EMBED_SWIFT_STANDARD_LIBRARIES = YES;
				BUNDLE_LOADER = "$(TEST_HOST)";
				CODE_SIGN_STYLE = Automatic;
				CURRENT_PROJECT_VERSION = 1;
				DEVELOPMENT_TEAM = LX72TZB635;
				GENERATE_INFOPLIST_FILE = YES;
				IPHONEOS_DEPLOYMENT_TARGET = 14.0;
				LD_RUNPATH_SEARCH_PATHS = (
					"$(inherited)",
					"@executable_path/Frameworks",
					"@loader_path/Frameworks",
				);
				MARKETING_VERSION = 1.0;
				PRODUCT_BUNDLE_IDENTIFIER = me.Sajib.Ghosh.AnimationTests;
				PRODUCT_NAME = "$(TARGET_NAME)";
				SWIFT_EMIT_LOC_STRINGS = NO;
				SWIFT_VERSION = 5.0;
				TARGETED_DEVICE_FAMILY = "1,2";
				TEST_HOST = "$(BUILT_PRODUCTS_DIR)/Animation.app/Animation";
			};
			name = Release;
		};
		6DF7E1D22B221FF800106D25 /* Debug */ = {
			isa = XCBuildConfiguration;
			buildSettings = {
				ALWAYS_EMBED_SWIFT_STANDARD_LIBRARIES = YES;
				CODE_SIGN_STYLE = Automatic;
				CURRENT_PROJECT_VERSION = 1;
				DEVELOPMENT_TEAM = LX72TZB635;
				GENERATE_INFOPLIST_FILE = YES;
				LD_RUNPATH_SEARCH_PATHS = (
					"$(inherited)",
					"@executable_path/Frameworks",
					"@loader_path/Frameworks",
				);
				MARKETING_VERSION = 1.0;
				PRODUCT_BUNDLE_IDENTIFIER = me.Sajib.Ghosh.AnimationUITests;
				PRODUCT_NAME = "$(TARGET_NAME)";
				SWIFT_EMIT_LOC_STRINGS = NO;
				SWIFT_VERSION = 5.0;
				TARGETED_DEVICE_FAMILY = "1,2";
				TEST_TARGET_NAME = Animation;
			};
			name = Debug;
		};
		6DF7E1D32B221FF800106D25 /* Release */ = {
			isa = XCBuildConfiguration;
			buildSettings = {
				ALWAYS_EMBED_SWIFT_STANDARD_LIBRARIES = YES;
				CODE_SIGN_STYLE = Automatic;
				CURRENT_PROJECT_VERSION = 1;
				DEVELOPMENT_TEAM = LX72TZB635;
				GENERATE_INFOPLIST_FILE = YES;
				LD_RUNPATH_SEARCH_PATHS = (
					"$(inherited)",
					"@executable_path/Frameworks",
					"@loader_path/Frameworks",
				);
				MARKETING_VERSION = 1.0;
				PRODUCT_BUNDLE_IDENTIFIER = me.Sajib.Ghosh.AnimationUITests;
				PRODUCT_NAME = "$(TARGET_NAME)";
				SWIFT_EMIT_LOC_STRINGS = NO;
				SWIFT_VERSION = 5.0;
				TARGETED_DEVICE_FAMILY = "1,2";
				TEST_TARGET_NAME = Animation;
			};
			name = Release;
		};
/* End XCBuildConfiguration section */

/* Begin XCConfigurationList section */
		6DF7E1A22B221FF600106D25 /* Build configuration list for PBXProject "Animation" */ = {
			isa = XCConfigurationList;
			buildConfigurations = (
				6DF7E1C92B221FF800106D25 /* Debug */,
				6DF7E1CA2B221FF800106D25 /* Release */,
			);
			defaultConfigurationIsVisible = 0;
			defaultConfigurationName = Release;
		};
		6DF7E1CB2B221FF800106D25 /* Build configuration list for PBXNativeTarget "Animation" */ = {
			isa = XCConfigurationList;
			buildConfigurations = (
				6DF7E1CC2B221FF800106D25 /* Debug */,
				6DF7E1CD2B221FF800106D25 /* Release */,
			);
			defaultConfigurationIsVisible = 0;
			defaultConfigurationName = Release;
		};
		6DF7E1CE2B221FF800106D25 /* Build configuration list for PBXNativeTarget "AnimationTests" */ = {
			isa = XCConfigurationList;
			buildConfigurations = (
				6DF7E1CF2B221FF800106D25 /* Debug */,
				6DF7E1D02B221FF800106D25 /* Release */,
			);
			defaultConfigurationIsVisible = 0;
			defaultConfigurationName = Release;
		};
		6DF7E1D12B221FF800106D25 /* Build configuration list for PBXNativeTarget "AnimationUITests" */ = {
			isa = XCConfigurationList;
			buildConfigurations = (
				6DF7E1D22B221FF800106D25 /* Debug */,
				6DF7E1D32B221FF800106D25 /* Release */,
			);
			defaultConfigurationIsVisible = 0;
			defaultConfigurationName = Release;
		};
/* End XCConfigurationList section */
	};
	rootObject = 6DF7E19F2B221FF600106D25 /* Project object */;
}
