// !$*UTF8*$!
{
	archiveVersion = 1;
	classes = {
	};
	objectVersion = 55;
	objects = {

/* Begin PBXBuildFile section */
		6DF7E1712B202EA200106D25 /* WordScrambleApp.swift in Sources */ = {isa = PBXBuildFile; fileRef = 6DF7E1702B202EA200106D25 /* WordScrambleApp.swift */; };
		6DF7E1732B202EA200106D25 /* ContentView.swift in Sources */ = {isa = PBXBuildFile; fileRef = 6DF7E1722B202EA200106D25 /* ContentView.swift */; };
		6DF7E1752B202EA300106D25 /* Assets.xcassets in Resources */ = {isa = PBXBuildFile; fileRef = 6DF7E1742B202EA300106D25 /* Assets.xcassets */; };
		6DF7E1782B202EA300106D25 /* Preview Assets.xcassets in Resources */ = {isa = PBXBuildFile; fileRef = 6DF7E1772B202EA300106D25 /* Preview Assets.xcassets */; };
		6DF7E1822B202EA400106D25 /* WordScrambleTests.swift in Sources */ = {isa = PBXBuildFile; fileRef = 6DF7E1812B202EA400106D25 /* WordScrambleTests.swift */; };
		6DF7E18C2B202EA400106D25 /* WordScrambleUITests.swift in Sources */ = {isa = PBXBuildFile; fileRef = 6DF7E18B2B202EA400106D25 /* WordScrambleUITests.swift */; };
		6DF7E18E2B202EA400106D25 /* WordScrambleUITestsLaunchTests.swift in Sources */ = {isa = PBXBuildFile; fileRef = 6DF7E18D2B202EA400106D25 /* WordScrambleUITestsLaunchTests.swift */; };
		6DF7E19D2B209E8C00106D25 /* start.txt in Resources */ = {isa = PBXBuildFile; fileRef = 6DF7E19C2B209E8C00106D25 /* start.txt */; };
/* End PBXBuildFile section */

/* Begin PBXContainerItemProxy section */
		6DF7E17E2B202EA400106D25 /* PBXContainerItemProxy */ = {
			isa = PBXContainerItemProxy;
			containerPortal = 6DF7E1652B202EA200106D25 /* Project object */;
			proxyType = 1;
			remoteGlobalIDString = 6DF7E16C2B202EA200106D25;
			remoteInfo = WordScramble;
		};
		6DF7E1882B202EA400106D25 /* PBXContainerItemProxy */ = {
			isa = PBXContainerItemProxy;
			containerPortal = 6DF7E1652B202EA200106D25 /* Project object */;
			proxyType = 1;
			remoteGlobalIDString = 6DF7E16C2B202EA200106D25;
			remoteInfo = WordScramble;
		};
/* End PBXContainerItemProxy section */

/* Begin PBXFileReference section */
		6DF7E16D2B202EA200106D25 /* WordScramble.app */ = {isa = PBXFileReference; explicitFileType = wrapper.application; includeInIndex = 0; path = WordScramble.app; sourceTree = BUILT_PRODUCTS_DIR; };
		6DF7E1702B202EA200106D25 /* WordScrambleApp.swift */ = {isa = PBXFileReference; lastKnownFileType = sourcecode.swift; path = WordScrambleApp.swift; sourceTree = "<group>"; };
		6DF7E1722B202EA200106D25 /* ContentView.swift */ = {isa = PBXFileReference; lastKnownFileType = sourcecode.swift; path = ContentView.swift; sourceTree = "<group>"; };
		6DF7E1742B202EA300106D25 /* Assets.xcassets */ = {isa = PBXFileReference; lastKnownFileType = folder.assetcatalog; path = Assets.xcassets; sourceTree = "<group>"; };
		6DF7E1772B202EA300106D25 /* Preview Assets.xcassets */ = {isa = PBXFileReference; lastKnownFileType = folder.assetcatalog; path = "Preview Assets.xcassets"; sourceTree = "<group>"; };
		6DF7E17D2B202EA400106D25 /* WordScrambleTests.xctest */ = {isa = PBXFileReference; explicitFileType = wrapper.cfbundle; includeInIndex = 0; path = WordScrambleTests.xctest; sourceTree = BUILT_PRODUCTS_DIR; };
		6DF7E1812B202EA400106D25 /* WordScrambleTests.swift */ = {isa = PBXFileReference; lastKnownFileType = sourcecode.swift; path = WordScrambleTests.swift; sourceTree = "<group>"; };
		6DF7E1872B202EA400106D25 /* WordScrambleUITests.xctest */ = {isa = PBXFileReference; explicitFileType = wrapper.cfbundle; includeInIndex = 0; path = WordScrambleUITests.xctest; sourceTree = BUILT_PRODUCTS_DIR; };
		6DF7E18B2B202EA400106D25 /* WordScrambleUITests.swift */ = {isa = PBXFileReference; lastKnownFileType = sourcecode.swift; path = WordScrambleUITests.swift; sourceTree = "<group>"; };
		6DF7E18D2B202EA400106D25 /* WordScrambleUITestsLaunchTests.swift */ = {isa = PBXFileReference; lastKnownFileType = sourcecode.swift; path = WordScrambleUITestsLaunchTests.swift; sourceTree = "<group>"; };
		6DF7E19C2B209E8C00106D25 /* start.txt */ = {isa = PBXFileReference; fileEncoding = 4; lastKnownFileType = text; path = start.txt; sourceTree = "<group>"; };
/* End PBXFileReference section */

/* Begin PBXFrameworksBuildPhase section */
		6DF7E16A2B202EA200106D25 /* Frameworks */ = {
			isa = PBXFrameworksBuildPhase;
			buildActionMask = 2147483647;
			files = (
			);
			runOnlyForDeploymentPostprocessing = 0;
		};
		6DF7E17A2B202EA400106D25 /* Frameworks */ = {
			isa = PBXFrameworksBuildPhase;
			buildActionMask = 2147483647;
			files = (
			);
			runOnlyForDeploymentPostprocessing = 0;
		};
		6DF7E1842B202EA400106D25 /* Frameworks */ = {
			isa = PBXFrameworksBuildPhase;
			buildActionMask = 2147483647;
			files = (
			);
			runOnlyForDeploymentPostprocessing = 0;
		};
/* End PBXFrameworksBuildPhase section */

/* Begin PBXGroup section */
		6DF7E1642B202EA200106D25 = {
			isa = PBXGroup;
			children = (
				6DF7E16F2B202EA200106D25 /* WordScramble */,
				6DF7E1802B202EA400106D25 /* WordScrambleTests */,
				6DF7E18A2B202EA400106D25 /* WordScrambleUITests */,
				6DF7E16E2B202EA200106D25 /* Products */,
			);
			sourceTree = "<group>";
		};
		6DF7E16E2B202EA200106D25 /* Products */ = {
			isa = PBXGroup;
			children = (
				6DF7E16D2B202EA200106D25 /* WordScramble.app */,
				6DF7E17D2B202EA400106D25 /* WordScrambleTests.xctest */,
				6DF7E1872B202EA400106D25 /* WordScrambleUITests.xctest */,
			);
			name = Products;
			sourceTree = "<group>";
		};
		6DF7E16F2B202EA200106D25 /* WordScramble */ = {
			isa = PBXGroup;
			children = (
				6DF7E19C2B209E8C00106D25 /* start.txt */,
				6DF7E1702B202EA200106D25 /* WordScrambleApp.swift */,
				6DF7E1722B202EA200106D25 /* ContentView.swift */,
				6DF7E1742B202EA300106D25 /* Assets.xcassets */,
				6DF7E1762B202EA300106D25 /* Preview Content */,
			);
			path = WordScramble;
			sourceTree = "<group>";
		};
		6DF7E1762B202EA300106D25 /* Preview Content */ = {
			isa = PBXGroup;
			children = (
				6DF7E1772B202EA300106D25 /* Preview Assets.xcassets */,
			);
			path = "Preview Content";
			sourceTree = "<group>";
		};
		6DF7E1802B202EA400106D25 /* WordScrambleTests */ = {
			isa = PBXGroup;
			children = (
				6DF7E1812B202EA400106D25 /* WordScrambleTests.swift */,
			);
			path = WordScrambleTests;
			sourceTree = "<group>";
		};
		6DF7E18A2B202EA400106D25 /* WordScrambleUITests */ = {
			isa = PBXGroup;
			children = (
				6DF7E18B2B202EA400106D25 /* WordScrambleUITests.swift */,
				6DF7E18D2B202EA400106D25 /* WordScrambleUITestsLaunchTests.swift */,
			);
			path = WordScrambleUITests;
			sourceTree = "<group>";
		};
/* End PBXGroup section */

/* Begin PBXNativeTarget section */
		6DF7E16C2B202EA200106D25 /* WordScramble */ = {
			isa = PBXNativeTarget;
			buildConfigurationList = 6DF7E1912B202EA400106D25 /* Build configuration list for PBXNativeTarget "WordScramble" */;
			buildPhases = (
				6DF7E1692B202EA200106D25 /* Sources */,
				6DF7E16A2B202EA200106D25 /* Frameworks */,
				6DF7E16B2B202EA200106D25 /* Resources */,
			);
			buildRules = (
			);
			dependencies = (
			);
			name = WordScramble;
			productName = WordScramble;
			productReference = 6DF7E16D2B202EA200106D25 /* WordScramble.app */;
			productType = "com.apple.product-type.application";
		};
		6DF7E17C2B202EA400106D25 /* WordScrambleTests */ = {
			isa = PBXNativeTarget;
			buildConfigurationList = 6DF7E1942B202EA400106D25 /* Build configuration list for PBXNativeTarget "WordScrambleTests" */;
			buildPhases = (
				6DF7E1792B202EA400106D25 /* Sources */,
				6DF7E17A2B202EA400106D25 /* Frameworks */,
				6DF7E17B2B202EA400106D25 /* Resources */,
			);
			buildRules = (
			);
			dependencies = (
				6DF7E17F2B202EA400106D25 /* PBXTargetDependency */,
			);
			name = WordScrambleTests;
			productName = WordScrambleTests;
			productReference = 6DF7E17D2B202EA400106D25 /* WordScrambleTests.xctest */;
			productType = "com.apple.product-type.bundle.unit-test";
		};
		6DF7E1862B202EA400106D25 /* WordScrambleUITests */ = {
			isa = PBXNativeTarget;
			buildConfigurationList = 6DF7E1972B202EA400106D25 /* Build configuration list for PBXNativeTarget "WordScrambleUITests" */;
			buildPhases = (
				6DF7E1832B202EA400106D25 /* Sources */,
				6DF7E1842B202EA400106D25 /* Frameworks */,
				6DF7E1852B202EA400106D25 /* Resources */,
			);
			buildRules = (
			);
			dependencies = (
				6DF7E1892B202EA400106D25 /* PBXTargetDependency */,
			);
			name = WordScrambleUITests;
			productName = WordScrambleUITests;
			productReference = 6DF7E1872B202EA400106D25 /* WordScrambleUITests.xctest */;
			productType = "com.apple.product-type.bundle.ui-testing";
		};
/* End PBXNativeTarget section */

/* Begin PBXProject section */
		6DF7E1652B202EA200106D25 /* Project object */ = {
			isa = PBXProject;
			attributes = {
				BuildIndependentTargetsInParallel = 1;
				LastSwiftUpdateCheck = 1300;
				LastUpgradeCheck = 1300;
				TargetAttributes = {
					6DF7E16C2B202EA200106D25 = {
						CreatedOnToolsVersion = 13.0;
					};
					6DF7E17C2B202EA400106D25 = {
						CreatedOnToolsVersion = 13.0;
						TestTargetID = 6DF7E16C2B202EA200106D25;
					};
					6DF7E1862B202EA400106D25 = {
						CreatedOnToolsVersion = 13.0;
						TestTargetID = 6DF7E16C2B202EA200106D25;
					};
				};
			};
			buildConfigurationList = 6DF7E1682B202EA200106D25 /* Build configuration list for PBXProject "WordScramble" */;
			compatibilityVersion = "Xcode 13.0";
			developmentRegion = en;
			hasScannedForEncodings = 0;
			knownRegions = (
				en,
				Base,
			);
			mainGroup = 6DF7E1642B202EA200106D25;
			productRefGroup = 6DF7E16E2B202EA200106D25 /* Products */;
			projectDirPath = "";
			projectRoot = "";
			targets = (
				6DF7E16C2B202EA200106D25 /* WordScramble */,
				6DF7E17C2B202EA400106D25 /* WordScrambleTests */,
				6DF7E1862B202EA400106D25 /* WordScrambleUITests */,
			);
		};
/* End PBXProject section */

/* Begin PBXResourcesBuildPhase section */
		6DF7E16B2B202EA200106D25 /* Resources */ = {
			isa = PBXResourcesBuildPhase;
			buildActionMask = 2147483647;
			files = (
				6DF7E1782B202EA300106D25 /* Preview Assets.xcassets in Resources */,
				6DF7E19D2B209E8C00106D25 /* start.txt in Resources */,
				6DF7E1752B202EA300106D25 /* Assets.xcassets in Resources */,
			);
			runOnlyForDeploymentPostprocessing = 0;
		};
		6DF7E17B2B202EA400106D25 /* Resources */ = {
			isa = PBXResourcesBuildPhase;
			buildActionMask = 2147483647;
			files = (
			);
			runOnlyForDeploymentPostprocessing = 0;
		};
		6DF7E1852B202EA400106D25 /* Resources */ = {
			isa = PBXResourcesBuildPhase;
			buildActionMask = 2147483647;
			files = (
			);
			runOnlyForDeploymentPostprocessing = 0;
		};
/* End PBXResourcesBuildPhase section */

/* Begin PBXSourcesBuildPhase section */
		6DF7E1692B202EA200106D25 /* Sources */ = {
			isa = PBXSourcesBuildPhase;
			buildActionMask = 2147483647;
			files = (
				6DF7E1732B202EA200106D25 /* ContentView.swift in Sources */,
				6DF7E1712B202EA200106D25 /* WordScrambleApp.swift in Sources */,
			);
			runOnlyForDeploymentPostprocessing = 0;
		};
		6DF7E1792B202EA400106D25 /* Sources */ = {
			isa = PBXSourcesBuildPhase;
			buildActionMask = 2147483647;
			files = (
				6DF7E1822B202EA400106D25 /* WordScrambleTests.swift in Sources */,
			);
			runOnlyForDeploymentPostprocessing = 0;
		};
		6DF7E1832B202EA400106D25 /* Sources */ = {
			isa = PBXSourcesBuildPhase;
			buildActionMask = 2147483647;
			files = (
				6DF7E18C2B202EA400106D25 /* WordScrambleUITests.swift in Sources */,
				6DF7E18E2B202EA400106D25 /* WordScrambleUITestsLaunchTests.swift in Sources */,
			);
			runOnlyForDeploymentPostprocessing = 0;
		};
/* End PBXSourcesBuildPhase section */

/* Begin PBXTargetDependency section */
		6DF7E17F2B202EA400106D25 /* PBXTargetDependency */ = {
			isa = PBXTargetDependency;
			target = 6DF7E16C2B202EA200106D25 /* WordScramble */;
			targetProxy = 6DF7E17E2B202EA400106D25 /* PBXContainerItemProxy */;
		};
		6DF7E1892B202EA400106D25 /* PBXTargetDependency */ = {
			isa = PBXTargetDependency;
			target = 6DF7E16C2B202EA200106D25 /* WordScramble */;
			targetProxy = 6DF7E1882B202EA400106D25 /* PBXContainerItemProxy */;
		};
/* End PBXTargetDependency section */

/* Begin XCBuildConfiguration section */
		6DF7E18F2B202EA400106D25 /* Debug */ = {
			isa = XCBuildConfiguration;
			buildSettings = {
				ALWAYS_SEARCH_USER_PATHS = NO;
				CLANG_ANALYZER_NONNULL = YES;
				CLANG_ANALYZER_NUMBER_OBJECT_CONVERSION = YES_AGGRESSIVE;
				CLANG_CXX_LANGUAGE_STANDARD = "gnu++17";
				CLANG_CXX_LIBRARY = "libc++";
				CLANG_ENABLE_MODULES = YES;
				CLANG_ENABLE_OBJC_ARC = YES;
				CLANG_ENABLE_OBJC_WEAK = YES;
				CLANG_WARN_BLOCK_CAPTURE_AUTORELEASING = YES;
				CLANG_WARN_BOOL_CONVERSION = YES;
				CLANG_WARN_COMMA = YES;
				CLANG_WARN_CONSTANT_CONVERSION = YES;
				CLANG_WARN_DEPRECATED_OBJC_IMPLEMENTATIONS = YES;
				CLANG_WARN_DIRECT_OBJC_ISA_USAGE = YES_ERROR;
				CLANG_WARN_DOCUMENTATION_COMMENTS = YES;
				CLANG_WARN_EMPTY_BODY = YES;
				CLANG_WARN_ENUM_CONVERSION = YES;
				CLANG_WARN_INFINITE_RECURSION = YES;
				CLANG_WARN_INT_CONVERSION = YES;
				CLANG_WARN_NON_LITERAL_NULL_CONVERSION = YES;
				CLANG_WARN_OBJC_IMPLICIT_RETAIN_SELF = YES;
				CLANG_WARN_OBJC_LITERAL_CONVERSION = YES;
				CLANG_WARN_OBJC_ROOT_CLASS = YES_ERROR;
				CLANG_WARN_QUOTED_INCLUDE_IN_FRAMEWORK_HEADER = YES;
				CLANG_WARN_RANGE_LOOP_ANALYSIS = YES;
				CLANG_WARN_STRICT_PROTOTYPES = YES;
				CLANG_WARN_SUSPICIOUS_MOVE = YES;
				CLANG_WARN_UNGUARDED_AVAILABILITY = YES_AGGRESSIVE;
				CLANG_WARN_UNREACHABLE_CODE = YES;
				CLANG_WARN__DUPLICATE_METHOD_MATCH = YES;
				COPY_PHASE_STRIP = NO;
				DEBUG_INFORMATION_FORMAT = dwarf;
				ENABLE_STRICT_OBJC_MSGSEND = YES;
				ENABLE_TESTABILITY = YES;
				GCC_C_LANGUAGE_STANDARD = gnu11;
				GCC_DYNAMIC_NO_PIC = NO;
				GCC_NO_COMMON_BLOCKS = YES;
				GCC_OPTIMIZATION_LEVEL = 0;
				GCC_PREPROCESSOR_DEFINITIONS = (
					"DEBUG=1",
					"$(inherited)",
				);
				GCC_WARN_64_TO_32_BIT_CONVERSION = YES;
				GCC_WARN_ABOUT_RETURN_TYPE = YES_ERROR;
				GCC_WARN_UNDECLARED_SELECTOR = YES;
				GCC_WARN_UNINITIALIZED_AUTOS = YES_AGGRESSIVE;
				GCC_WARN_UNUSED_FUNCTION = YES;
				GCC_WARN_UNUSED_VARIABLE = YES;
				IPHONEOS_DEPLOYMENT_TARGET = 15.0;
				MTL_ENABLE_DEBUG_INFO = INCLUDE_SOURCE;
				MTL_FAST_MATH = YES;
				ONLY_ACTIVE_ARCH = YES;
				SDKROOT = iphoneos;
				SWIFT_ACTIVE_COMPILATION_CONDITIONS = DEBUG;
				SWIFT_OPTIMIZATION_LEVEL = "-Onone";
			};
			name = Debug;
		};
		6DF7E1902B202EA400106D25 /* Release */ = {
			isa = XCBuildConfiguration;
			buildSettings = {
				ALWAYS_SEARCH_USER_PATHS = NO;
				CLANG_ANALYZER_NONNULL = YES;
				CLANG_ANALYZER_NUMBER_OBJECT_CONVERSION = YES_AGGRESSIVE;
				CLANG_CXX_LANGUAGE_STANDARD = "gnu++17";
				CLANG_CXX_LIBRARY = "libc++";
				CLANG_ENABLE_MODULES = YES;
				CLANG_ENABLE_OBJC_ARC = YES;
				CLANG_ENABLE_OBJC_WEAK = YES;
				CLANG_WARN_BLOCK_CAPTURE_AUTORELEASING = YES;
				CLANG_WARN_BOOL_CONVERSION = YES;
				CLANG_WARN_COMMA = YES;
				CLANG_WARN_CONSTANT_CONVERSION = YES;
				CLANG_WARN_DEPRECATED_OBJC_IMPLEMENTATIONS = YES;
				CLANG_WARN_DIRECT_OBJC_ISA_USAGE = YES_ERROR;
				CLANG_WARN_DOCUMENTATION_COMMENTS = YES;
				CLANG_WARN_EMPTY_BODY = YES;
				CLANG_WARN_ENUM_CONVERSION = YES;
				CLANG_WARN_INFINITE_RECURSION = YES;
				CLANG_WARN_INT_CONVERSION = YES;
				CLANG_WARN_NON_LITERAL_NULL_CONVERSION = YES;
				CLANG_WARN_OBJC_IMPLICIT_RETAIN_SELF = YES;
				CLANG_WARN_OBJC_LITERAL_CONVERSION = YES;
				CLANG_WARN_OBJC_ROOT_CLASS = YES_ERROR;
				CLANG_WARN_QUOTED_INCLUDE_IN_FRAMEWORK_HEADER = YES;
				CLANG_WARN_RANGE_LOOP_ANALYSIS = YES;
				CLANG_WARN_STRICT_PROTOTYPES = YES;
				CLANG_WARN_SUSPICIOUS_MOVE = YES;
				CLANG_WARN_UNGUARDED_AVAILABILITY = YES_AGGRESSIVE;
				CLANG_WARN_UNREACHABLE_CODE = YES;
				CLANG_WARN__DUPLICATE_METHOD_MATCH = YES;
				COPY_PHASE_STRIP = NO;
				DEBUG_INFORMATION_FORMAT = "dwarf-with-dsym";
				ENABLE_NS_ASSERTIONS = NO;
				ENABLE_STRICT_OBJC_MSGSEND = YES;
				GCC_C_LANGUAGE_STANDARD = gnu11;
				GCC_NO_COMMON_BLOCKS = YES;
				GCC_WARN_64_TO_32_BIT_CONVERSION = YES;
				GCC_WARN_ABOUT_RETURN_TYPE = YES_ERROR;
				GCC_WARN_UNDECLARED_SELECTOR = YES;
				GCC_WARN_UNINITIALIZED_AUTOS = YES_AGGRESSIVE;
				GCC_WARN_UNUSED_FUNCTION = YES;
				GCC_WARN_UNUSED_VARIABLE = YES;
				IPHONEOS_DEPLOYMENT_TARGET = 15.0;
				MTL_ENABLE_DEBUG_INFO = NO;
				MTL_FAST_MATH = YES;
				SDKROOT = iphoneos;
				SWIFT_COMPILATION_MODE = wholemodule;
				SWIFT_OPTIMIZATION_LEVEL = "-O";
				VALIDATE_PRODUCT = YES;
			};
			name = Release;
		};
		6DF7E1922B202EA400106D25 /* Debug */ = {
			isa = XCBuildConfiguration;
			buildSettings = {
				ASSETCATALOG_COMPILER_APPICON_NAME = AppIcon;
				ASSETCATALOG_COMPILER_GLOBAL_ACCENT_COLOR_NAME = AccentColor;
				CODE_SIGN_STYLE = Automatic;
				CURRENT_PROJECT_VERSION = 1;
				DEVELOPMENT_ASSET_PATHS = "\"WordScramble/Preview Content\"";
				DEVELOPMENT_TEAM = LX72TZB635;
				ENABLE_PREVIEWS = YES;
				GENERATE_INFOPLIST_FILE = YES;
				INFOPLIST_KEY_UIApplicationSceneManifest_Generation = YES;
				INFOPLIST_KEY_UIApplicationSupportsIndirectInputEvents = YES;
				INFOPLIST_KEY_UILaunchScreen_Generation = YES;
				INFOPLIST_KEY_UISupportedInterfaceOrientations_iPad = "UIInterfaceOrientationPortrait UIInterfaceOrientationPortraitUpsideDown UIInterfaceOrientationLandscapeLeft UIInterfaceOrientationLandscapeRight";
				INFOPLIST_KEY_UISupportedInterfaceOrientations_iPhone = "UIInterfaceOrientationPortrait UIInterfaceOrientationLandscapeLeft UIInterfaceOrientationLandscapeRight";
				IPHONEOS_DEPLOYMENT_TARGET = 17.0;
				LD_RUNPATH_SEARCH_PATHS = (
					"$(inherited)",
					"@executable_path/Frameworks",
				);
				MARKETING_VERSION = 1.0;
				PRODUCT_BUNDLE_IDENTIFIER = me.Sajib.Ghosh.WordScramble;
				PRODUCT_NAME = "$(TARGET_NAME)";
				SWIFT_EMIT_LOC_STRINGS = YES;
				SWIFT_VERSION = 5.0;
				TARGETED_DEVICE_FAMILY = "1,2";
			};
			name = Debug;
		};
		6DF7E1932B202EA400106D25 /* Release */ = {
			isa = XCBuildConfiguration;
			buildSettings = {
				ASSETCATALOG_COMPILER_APPICON_NAME = AppIcon;
				ASSETCATALOG_COMPILER_GLOBAL_ACCENT_COLOR_NAME = AccentColor;
				CODE_SIGN_STYLE = Automatic;
				CURRENT_PROJECT_VERSION = 1;
				DEVELOPMENT_ASSET_PATHS = "\"WordScramble/Preview Content\"";
				DEVELOPMENT_TEAM = LX72TZB635;
				ENABLE_PREVIEWS = YES;
				GENERATE_INFOPLIST_FILE = YES;
				INFOPLIST_KEY_UIApplicationSceneManifest_Generation = YES;
				INFOPLIST_KEY_UIApplicationSupportsIndirectInputEvents = YES;
				INFOPLIST_KEY_UILaunchScreen_Generation = YES;
				INFOPLIST_KEY_UISupportedInterfaceOrientations_iPad = "UIInterfaceOrientationPortrait UIInterfaceOrientationPortraitUpsideDown UIInterfaceOrientationLandscapeLeft UIInterfaceOrientationLandscapeRight";
				INFOPLIST_KEY_UISupportedInterfaceOrientations_iPhone = "UIInterfaceOrientationPortrait UIInterfaceOrientationLandscapeLeft UIInterfaceOrientationLandscapeRight";
				IPHONEOS_DEPLOYMENT_TARGET = 17.0;
				LD_RUNPATH_SEARCH_PATHS = (
					"$(inherited)",
					"@executable_path/Frameworks",
				);
				MARKETING_VERSION = 1.0;
				PRODUCT_BUNDLE_IDENTIFIER = me.Sajib.Ghosh.WordScramble;
				PRODUCT_NAME = "$(TARGET_NAME)";
				SWIFT_EMIT_LOC_STRINGS = YES;
				SWIFT_VERSION = 5.0;
				TARGETED_DEVICE_FAMILY = "1,2";
			};
			name = Release;
		};
		6DF7E1952B202EA400106D25 /* Debug */ = {
			isa = XCBuildConfiguration;
			buildSettings = {
				ALWAYS_EMBED_SWIFT_STANDARD_LIBRARIES = YES;
				BUNDLE_LOADER = "$(TEST_HOST)";
				CODE_SIGN_STYLE = Automatic;
				CURRENT_PROJECT_VERSION = 1;
				DEVELOPMENT_TEAM = LX72TZB635;
				GENERATE_INFOPLIST_FILE = YES;
				IPHONEOS_DEPLOYMENT_TARGET = 14.0;
				LD_RUNPATH_SEARCH_PATHS = (
					"$(inherited)",
					"@executable_path/Frameworks",
					"@loader_path/Frameworks",
				);
				MARKETING_VERSION = 1.0;
				PRODUCT_BUNDLE_IDENTIFIER = me.Sajib.Ghosh.WordScrambleTests;
				PRODUCT_NAME = "$(TARGET_NAME)";
				SWIFT_EMIT_LOC_STRINGS = NO;
				SWIFT_VERSION = 5.0;
				TARGETED_DEVICE_FAMILY = "1,2";
				TEST_HOST = "$(BUILT_PRODUCTS_DIR)/WordScramble.app/WordScramble";
			};
			name = Debug;
		};
		6DF7E1962B202EA400106D25 /* Release */ = {
			isa = XCBuildConfiguration;
			buildSettings = {
				ALWAYS_EMBED_SWIFT_STANDARD_LIBRARIES = YES;
				BUNDLE_LOADER = "$(TEST_HOST)";
				CODE_SIGN_STYLE = Automatic;
				CURRENT_PROJECT_VERSION = 1;
				DEVELOPMENT_TEAM = LX72TZB635;
				GENERATE_INFOPLIST_FILE = YES;
				IPHONEOS_DEPLOYMENT_TARGET = 14.0;
				LD_RUNPATH_SEARCH_PATHS = (
					"$(inherited)",
					"@executable_path/Frameworks",
					"@loader_path/Frameworks",
				);
				MARKETING_VERSION = 1.0;
				PRODUCT_BUNDLE_IDENTIFIER = me.Sajib.Ghosh.WordScrambleTests;
				PRODUCT_NAME = "$(TARGET_NAME)";
				SWIFT_EMIT_LOC_STRINGS = NO;
				SWIFT_VERSION = 5.0;
				TARGETED_DEVICE_FAMILY = "1,2";
				TEST_HOST = "$(BUILT_PRODUCTS_DIR)/WordScramble.app/WordScramble";
			};
			name = Release;
		};
		6DF7E1982B202EA400106D25 /* Debug */ = {
			isa = XCBuildConfiguration;
			buildSettings = {
				ALWAYS_EMBED_SWIFT_STANDARD_LIBRARIES = YES;
				CODE_SIGN_STYLE = Automatic;
				CURRENT_PROJECT_VERSION = 1;
				DEVELOPMENT_TEAM = LX72TZB635;
				GENERATE_INFOPLIST_FILE = YES;
				LD_RUNPATH_SEARCH_PATHS = (
					"$(inherited)",
					"@executable_path/Frameworks",
					"@loader_path/Frameworks",
				);
				MARKETING_VERSION = 1.0;
				PRODUCT_BUNDLE_IDENTIFIER = me.Sajib.Ghosh.WordScrambleUITests;
				PRODUCT_NAME = "$(TARGET_NAME)";
				SWIFT_EMIT_LOC_STRINGS = NO;
				SWIFT_VERSION = 5.0;
				TARGETED_DEVICE_FAMILY = "1,2";
				TEST_TARGET_NAME = WordScramble;
			};
			name = Debug;
		};
		6DF7E1992B202EA400106D25 /* Release */ = {
			isa = XCBuildConfiguration;
			buildSettings = {
				ALWAYS_EMBED_SWIFT_STANDARD_LIBRARIES = YES;
				CODE_SIGN_STYLE = Automatic;
				CURRENT_PROJECT_VERSION = 1;
				DEVELOPMENT_TEAM = LX72TZB635;
				GENERATE_INFOPLIST_FILE = YES;
				LD_RUNPATH_SEARCH_PATHS = (
					"$(inherited)",
					"@executable_path/Frameworks",
					"@loader_path/Frameworks",
				);
				MARKETING_VERSION = 1.0;
				PRODUCT_BUNDLE_IDENTIFIER = me.Sajib.Ghosh.WordScrambleUITests;
				PRODUCT_NAME = "$(TARGET_NAME)";
				SWIFT_EMIT_LOC_STRINGS = NO;
				SWIFT_VERSION = 5.0;
				TARGETED_DEVICE_FAMILY = "1,2";
				TEST_TARGET_NAME = WordScramble;
			};
			name = Release;
		};
/* End XCBuildConfiguration section */

/* Begin XCConfigurationList section */
		6DF7E1682B202EA200106D25 /* Build configuration list for PBXProject "WordScramble" */ = {
			isa = XCConfigurationList;
			buildConfigurations = (
				6DF7E18F2B202EA400106D25 /* Debug */,
				6DF7E1902B202EA400106D25 /* Release */,
			);
			defaultConfigurationIsVisible = 0;
			defaultConfigurationName = Release;
		};
		6DF7E1912B202EA400106D25 /* Build configuration list for PBXNativeTarget "WordScramble" */ = {
			isa = XCConfigurationList;
			buildConfigurations = (
				6DF7E1922B202EA400106D25 /* Debug */,
				6DF7E1932B202EA400106D25 /* Release */,
			);
			defaultConfigurationIsVisible = 0;
			defaultConfigurationName = Release;
		};
		6DF7E1942B202EA400106D25 /* Build configuration list for PBXNativeTarget "WordScrambleTests" */ = {
			isa = XCConfigurationList;
			buildConfigurations = (
				6DF7E1952B202EA400106D25 /* Debug */,
				6DF7E1962B202EA400106D25 /* Release */,
			);
			defaultConfigurationIsVisible = 0;
			defaultConfigurationName = Release;
		};
		6DF7E1972B202EA400106D25 /* Build configuration list for PBXNativeTarget "WordScrambleUITests" */ = {
			isa = XCConfigurationList;
			buildConfigurations = (
				6DF7E1982B202EA400106D25 /* Debug */,
				6DF7E1992B202EA400106D25 /* Release */,
			);
			defaultConfigurationIsVisible = 0;
			defaultConfigurationName = Release;
		};
/* End XCConfigurationList section */
	};
	rootObject = 6DF7E1652B202EA200106D25 /* Project object */;
}
