// !$*UTF8*$!
{
	archiveVersion = 1;
	classes = {
	};
	objectVersion = 56;
	objects = {

/* Begin PBXBuildFile section */
		6D2003E12B38C772000450E0 /* MissionView.swift in Sources */ = {isa = PBXBuildFile; fileRef = 6D2003E02B38C772000450E0 /* MissionView.swift */; };
		6D2003E32B3957B5000450E0 /* AstronautView.swift in Sources */ = {isa = PBXBuildFile; fileRef = 6D2003E22B3957B5000450E0 /* AstronautView.swift */; };
		6D48BF552B2F44A60002719C /* MoonShotApp.swift in Sources */ = {isa = PBXBuildFile; fileRef = 6D48BF542B2F44A60002719C /* MoonShotApp.swift */; };
		6D48BF572B2F44A60002719C /* ContentView.swift in Sources */ = {isa = PBXBuildFile; fileRef = 6D48BF562B2F44A60002719C /* ContentView.swift */; };
		6D48BF592B2F44A70002719C /* Assets.xcassets in Resources */ = {isa = PBXBuildFile; fileRef = 6D48BF582B2F44A70002719C /* Assets.xcassets */; };
		6D48BF5C2B2F44A70002719C /* Preview Assets.xcassets in Resources */ = {isa = PBXBuildFile; fileRef = 6D48BF5B2B2F44A70002719C /* Preview Assets.xcassets */; };
		6D48BF662B2F44A70002719C /* MoonShotTests.swift in Sources */ = {isa = PBXBuildFile; fileRef = 6D48BF652B2F44A70002719C /* MoonShotTests.swift */; };
		6D48BF702B2F44A70002719C /* MoonShotUITests.swift in Sources */ = {isa = PBXBuildFile; fileRef = 6D48BF6F2B2F44A70002719C /* MoonShotUITests.swift */; };
		6D48BF722B2F44A70002719C /* MoonShotUITestsLaunchTests.swift in Sources */ = {isa = PBXBuildFile; fileRef = 6D48BF712B2F44A70002719C /* MoonShotUITestsLaunchTests.swift */; };
		6D48BF812B2F70D00002719C /* astronauts.json in Resources */ = {isa = PBXBuildFile; fileRef = 6D48BF7E2B2F70D00002719C /* astronauts.json */; };
		6D48BF822B2F70D00002719C /* missions.json in Resources */ = {isa = PBXBuildFile; fileRef = 6D48BF7F2B2F70D00002719C /* missions.json */; };
		6D48BF832B2F70D00002719C /* Color-Theme.swift in Sources */ = {isa = PBXBuildFile; fileRef = 6D48BF802B2F70D00002719C /* Color-Theme.swift */; };
		6D48BF852B2F714C0002719C /* Astronaut.swift in Sources */ = {isa = PBXBuildFile; fileRef = 6D48BF842B2F714C0002719C /* Astronaut.swift */; };
		6D48BF872B2F71E10002719C /* Bundle-Decodable.swift in Sources */ = {isa = PBXBuildFile; fileRef = 6D48BF862B2F71E10002719C /* Bundle-Decodable.swift */; };
		6D48BF892B2F758C0002719C /* Mission.swift in Sources */ = {isa = PBXBuildFile; fileRef = 6D48BF882B2F758C0002719C /* Mission.swift */; };
		6DAD93E42B396909008E8DFD /* CrewMemberView.swift in Sources */ = {isa = PBXBuildFile; fileRef = 6DAD93E32B396909008E8DFD /* CrewMemberView.swift */; };
		6DAD93E62B396BAB008E8DFD /* RectangleDividerView.swift in Sources */ = {isa = PBXBuildFile; fileRef = 6DAD93E52B396BAB008E8DFD /* RectangleDividerView.swift */; };
		6DAD93E82B3AB3B9008E8DFD /* GridLayout.swift in Sources */ = {isa = PBXBuildFile; fileRef = 6DAD93E72B3AB3B9008E8DFD /* GridLayout.swift */; };
		6DAD93EA2B3AB537008E8DFD /* ListLayout.swift in Sources */ = {isa = PBXBuildFile; fileRef = 6DAD93E92B3AB537008E8DFD /* ListLayout.swift */; };
		6DAD93EC2B3AB6B0008E8DFD /* ListCellView.swift in Sources */ = {isa = PBXBuildFile; fileRef = 6DAD93EB2B3AB6B0008E8DFD /* ListCellView.swift */; };
/* End PBXBuildFile section */

/* Begin PBXContainerItemProxy section */
		6D48BF622B2F44A70002719C /* PBXContainerItemProxy */ = {
			isa = PBXContainerItemProxy;
			containerPortal = 6D48BF492B2F44A60002719C /* Project object */;
			proxyType = 1;
			remoteGlobalIDString = 6D48BF502B2F44A60002719C;
			remoteInfo = MoonShot;
		};
		6D48BF6C2B2F44A70002719C /* PBXContainerItemProxy */ = {
			isa = PBXContainerItemProxy;
			containerPortal = 6D48BF492B2F44A60002719C /* Project object */;
			proxyType = 1;
			remoteGlobalIDString = 6D48BF502B2F44A60002719C;
			remoteInfo = MoonShot;
		};
/* End PBXContainerItemProxy section */

/* Begin PBXFileReference section */
		6D2003E02B38C772000450E0 /* MissionView.swift */ = {isa = PBXFileReference; lastKnownFileType = sourcecode.swift; path = MissionView.swift; sourceTree = "<group>"; };
		6D2003E22B3957B5000450E0 /* AstronautView.swift */ = {isa = PBXFileReference; lastKnownFileType = sourcecode.swift; path = AstronautView.swift; sourceTree = "<group>"; };
		6D48BF512B2F44A60002719C /* MoonShot.app */ = {isa = PBXFileReference; explicitFileType = wrapper.application; includeInIndex = 0; path = MoonShot.app; sourceTree = BUILT_PRODUCTS_DIR; };
		6D48BF542B2F44A60002719C /* MoonShotApp.swift */ = {isa = PBXFileReference; lastKnownFileType = sourcecode.swift; path = MoonShotApp.swift; sourceTree = "<group>"; };
		6D48BF562B2F44A60002719C /* ContentView.swift */ = {isa = PBXFileReference; lastKnownFileType = sourcecode.swift; path = ContentView.swift; sourceTree = "<group>"; };
		6D48BF582B2F44A70002719C /* Assets.xcassets */ = {isa = PBXFileReference; lastKnownFileType = folder.assetcatalog; path = Assets.xcassets; sourceTree = "<group>"; };
		6D48BF5B2B2F44A70002719C /* Preview Assets.xcassets */ = {isa = PBXFileReference; lastKnownFileType = folder.assetcatalog; path = "Preview Assets.xcassets"; sourceTree = "<group>"; };
		6D48BF612B2F44A70002719C /* MoonShotTests.xctest */ = {isa = PBXFileReference; explicitFileType = wrapper.cfbundle; includeInIndex = 0; path = MoonShotTests.xctest; sourceTree = BUILT_PRODUCTS_DIR; };
		6D48BF652B2F44A70002719C /* MoonShotTests.swift */ = {isa = PBXFileReference; lastKnownFileType = sourcecode.swift; path = MoonShotTests.swift; sourceTree = "<group>"; };
		6D48BF6B2B2F44A70002719C /* MoonShotUITests.xctest */ = {isa = PBXFileReference; explicitFileType = wrapper.cfbundle; includeInIndex = 0; path = MoonShotUITests.xctest; sourceTree = BUILT_PRODUCTS_DIR; };
		6D48BF6F2B2F44A70002719C /* MoonShotUITests.swift */ = {isa = PBXFileReference; lastKnownFileType = sourcecode.swift; path = MoonShotUITests.swift; sourceTree = "<group>"; };
		6D48BF712B2F44A70002719C /* MoonShotUITestsLaunchTests.swift */ = {isa = PBXFileReference; lastKnownFileType = sourcecode.swift; path = MoonShotUITestsLaunchTests.swift; sourceTree = "<group>"; };
		6D48BF7E2B2F70D00002719C /* astronauts.json */ = {isa = PBXFileReference; fileEncoding = 4; lastKnownFileType = text.json; path = astronauts.json; sourceTree = "<group>"; };
		6D48BF7F2B2F70D00002719C /* missions.json */ = {isa = PBXFileReference; fileEncoding = 4; lastKnownFileType = text.json; path = missions.json; sourceTree = "<group>"; };
		6D48BF802B2F70D00002719C /* Color-Theme.swift */ = {isa = PBXFileReference; fileEncoding = 4; lastKnownFileType = sourcecode.swift; path = "Color-Theme.swift"; sourceTree = "<group>"; };
		6D48BF842B2F714C0002719C /* Astronaut.swift */ = {isa = PBXFileReference; lastKnownFileType = sourcecode.swift; path = Astronaut.swift; sourceTree = "<group>"; };
		6D48BF862B2F71E10002719C /* Bundle-Decodable.swift */ = {isa = PBXFileReference; lastKnownFileType = sourcecode.swift; path = "Bundle-Decodable.swift"; sourceTree = "<group>"; };
		6D48BF882B2F758C0002719C /* Mission.swift */ = {isa = PBXFileReference; lastKnownFileType = sourcecode.swift; path = Mission.swift; sourceTree = "<group>"; };
		6DAD93E32B396909008E8DFD /* CrewMemberView.swift */ = {isa = PBXFileReference; lastKnownFileType = sourcecode.swift; path = CrewMemberView.swift; sourceTree = "<group>"; };
		6DAD93E52B396BAB008E8DFD /* RectangleDividerView.swift */ = {isa = PBXFileReference; lastKnownFileType = sourcecode.swift; path = RectangleDividerView.swift; sourceTree = "<group>"; };
		6DAD93E72B3AB3B9008E8DFD /* GridLayout.swift */ = {isa = PBXFileReference; lastKnownFileType = sourcecode.swift; path = GridLayout.swift; sourceTree = "<group>"; };
		6DAD93E92B3AB537008E8DFD /* ListLayout.swift */ = {isa = PBXFileReference; lastKnownFileType = sourcecode.swift; path = ListLayout.swift; sourceTree = "<group>"; };
		6DAD93EB2B3AB6B0008E8DFD /* ListCellView.swift */ = {isa = PBXFileReference; lastKnownFileType = sourcecode.swift; path = ListCellView.swift; sourceTree = "<group>"; };
/* End PBXFileReference section */

/* Begin PBXFrameworksBuildPhase section */
		6D48BF4E2B2F44A60002719C /* Frameworks */ = {
			isa = PBXFrameworksBuildPhase;
			buildActionMask = 2147483647;
			files = (
			);
			runOnlyForDeploymentPostprocessing = 0;
		};
		6D48BF5E2B2F44A70002719C /* Frameworks */ = {
			isa = PBXFrameworksBuildPhase;
			buildActionMask = 2147483647;
			files = (
			);
			runOnlyForDeploymentPostprocessing = 0;
		};
		6D48BF682B2F44A70002719C /* Frameworks */ = {
			isa = PBXFrameworksBuildPhase;
			buildActionMask = 2147483647;
			files = (
			);
			runOnlyForDeploymentPostprocessing = 0;
		};
/* End PBXFrameworksBuildPhase section */

/* Begin PBXGroup section */
		6D48BF482B2F44A60002719C = {
			isa = PBXGroup;
			children = (
				6D48BF532B2F44A60002719C /* MoonShot */,
				6D48BF642B2F44A70002719C /* MoonShotTests */,
				6D48BF6E2B2F44A70002719C /* MoonShotUITests */,
				6D48BF522B2F44A60002719C /* Products */,
			);
			sourceTree = "<group>";
		};
		6D48BF522B2F44A60002719C /* Products */ = {
			isa = PBXGroup;
			children = (
				6D48BF512B2F44A60002719C /* MoonShot.app */,
				6D48BF612B2F44A70002719C /* MoonShotTests.xctest */,
				6D48BF6B2B2F44A70002719C /* MoonShotUITests.xctest */,
			);
			name = Products;
			sourceTree = "<group>";
		};
		6D48BF532B2F44A60002719C /* MoonShot */ = {
			isa = PBXGroup;
			children = (
				6D48BF802B2F70D00002719C /* Color-Theme.swift */,
				6D48BF542B2F44A60002719C /* MoonShotApp.swift */,
				6D48BF882B2F758C0002719C /* Mission.swift */,
				6D48BF7F2B2F70D00002719C /* missions.json */,
				6D48BF842B2F714C0002719C /* Astronaut.swift */,
				6D48BF862B2F71E10002719C /* Bundle-Decodable.swift */,
				6D48BF7E2B2F70D00002719C /* astronauts.json */,
				6D2003E02B38C772000450E0 /* MissionView.swift */,
				6D48BF562B2F44A60002719C /* ContentView.swift */,
				6D2003E22B3957B5000450E0 /* AstronautView.swift */,
				6DAD93E32B396909008E8DFD /* CrewMemberView.swift */,
				6DAD93E52B396BAB008E8DFD /* RectangleDividerView.swift */,
				6DAD93E72B3AB3B9008E8DFD /* GridLayout.swift */,
				6DAD93E92B3AB537008E8DFD /* ListLayout.swift */,
				6DAD93EB2B3AB6B0008E8DFD /* ListCellView.swift */,
				6D48BF582B2F44A70002719C /* Assets.xcassets */,
				6D48BF5A2B2F44A70002719C /* Preview Content */,
			);
			path = MoonShot;
			sourceTree = "<group>";
		};
		6D48BF5A2B2F44A70002719C /* Preview Content */ = {
			isa = PBXGroup;
			children = (
				6D48BF5B2B2F44A70002719C /* Preview Assets.xcassets */,
			);
			path = "Preview Content";
			sourceTree = "<group>";
		};
		6D48BF642B2F44A70002719C /* MoonShotTests */ = {
			isa = PBXGroup;
			children = (
				6D48BF652B2F44A70002719C /* MoonShotTests.swift */,
			);
			path = MoonShotTests;
			sourceTree = "<group>";
		};
		6D48BF6E2B2F44A70002719C /* MoonShotUITests */ = {
			isa = PBXGroup;
			children = (
				6D48BF6F2B2F44A70002719C /* MoonShotUITests.swift */,
				6D48BF712B2F44A70002719C /* MoonShotUITestsLaunchTests.swift */,
			);
			path = MoonShotUITests;
			sourceTree = "<group>";
		};
/* End PBXGroup section */

/* Begin PBXNativeTarget section */
		6D48BF502B2F44A60002719C /* MoonShot */ = {
			isa = PBXNativeTarget;
			buildConfigurationList = 6D48BF752B2F44A70002719C /* Build configuration list for PBXNativeTarget "MoonShot" */;
			buildPhases = (
				6D48BF4D2B2F44A60002719C /* Sources */,
				6D48BF4E2B2F44A60002719C /* Frameworks */,
				6D48BF4F2B2F44A60002719C /* Resources */,
			);
			buildRules = (
			);
			dependencies = (
			);
			name = MoonShot;
			productName = MoonShot;
			productReference = 6D48BF512B2F44A60002719C /* MoonShot.app */;
			productType = "com.apple.product-type.application";
		};
		6D48BF602B2F44A70002719C /* MoonShotTests */ = {
			isa = PBXNativeTarget;
			buildConfigurationList = 6D48BF782B2F44A70002719C /* Build configuration list for PBXNativeTarget "MoonShotTests" */;
			buildPhases = (
				6D48BF5D2B2F44A70002719C /* Sources */,
				6D48BF5E2B2F44A70002719C /* Frameworks */,
				6D48BF5F2B2F44A70002719C /* Resources */,
			);
			buildRules = (
			);
			dependencies = (
				6D48BF632B2F44A70002719C /* PBXTargetDependency */,
			);
			name = MoonShotTests;
			productName = MoonShotTests;
			productReference = 6D48BF612B2F44A70002719C /* MoonShotTests.xctest */;
			productType = "com.apple.product-type.bundle.unit-test";
		};
		6D48BF6A2B2F44A70002719C /* MoonShotUITests */ = {
			isa = PBXNativeTarget;
			buildConfigurationList = 6D48BF7B2B2F44A70002719C /* Build configuration list for PBXNativeTarget "MoonShotUITests" */;
			buildPhases = (
				6D48BF672B2F44A70002719C /* Sources */,
				6D48BF682B2F44A70002719C /* Frameworks */,
				6D48BF692B2F44A70002719C /* Resources */,
			);
			buildRules = (
			);
			dependencies = (
				6D48BF6D2B2F44A70002719C /* PBXTargetDependency */,
			);
			name = MoonShotUITests;
			productName = MoonShotUITests;
			productReference = 6D48BF6B2B2F44A70002719C /* MoonShotUITests.xctest */;
			productType = "com.apple.product-type.bundle.ui-testing";
		};
/* End PBXNativeTarget section */

/* Begin PBXProject section */
		6D48BF492B2F44A60002719C /* Project object */ = {
			isa = PBXProject;
			attributes = {
				BuildIndependentTargetsInParallel = 1;
				LastSwiftUpdateCheck = 1510;
				LastUpgradeCheck = 1510;
				TargetAttributes = {
					6D48BF502B2F44A60002719C = {
						CreatedOnToolsVersion = 15.1;
					};
					6D48BF602B2F44A70002719C = {
						CreatedOnToolsVersion = 15.1;
						TestTargetID = 6D48BF502B2F44A60002719C;
					};
					6D48BF6A2B2F44A70002719C = {
						CreatedOnToolsVersion = 15.1;
						TestTargetID = 6D48BF502B2F44A60002719C;
					};
				};
			};
			buildConfigurationList = 6D48BF4C2B2F44A60002719C /* Build configuration list for PBXProject "MoonShot" */;
			compatibilityVersion = "Xcode 14.0";
			developmentRegion = en;
			hasScannedForEncodings = 0;
			knownRegions = (
				en,
				Base,
			);
			mainGroup = 6D48BF482B2F44A60002719C;
			productRefGroup = 6D48BF522B2F44A60002719C /* Products */;
			projectDirPath = "";
			projectRoot = "";
			targets = (
				6D48BF502B2F44A60002719C /* MoonShot */,
				6D48BF602B2F44A70002719C /* MoonShotTests */,
				6D48BF6A2B2F44A70002719C /* MoonShotUITests */,
			);
		};
/* End PBXProject section */

/* Begin PBXResourcesBuildPhase section */
		6D48BF4F2B2F44A60002719C /* Resources */ = {
			isa = PBXResourcesBuildPhase;
			buildActionMask = 2147483647;
			files = (
				6D48BF812B2F70D00002719C /* astronauts.json in Resources */,
				6D48BF5C2B2F44A70002719C /* Preview Assets.xcassets in Resources */,
				6D48BF822B2F70D00002719C /* missions.json in Resources */,
				6D48BF592B2F44A70002719C /* Assets.xcassets in Resources */,
			);
			runOnlyForDeploymentPostprocessing = 0;
		};
		6D48BF5F2B2F44A70002719C /* Resources */ = {
			isa = PBXResourcesBuildPhase;
			buildActionMask = 2147483647;
			files = (
			);
			runOnlyForDeploymentPostprocessing = 0;
		};
		6D48BF692B2F44A70002719C /* Resources */ = {
			isa = PBXResourcesBuildPhase;
			buildActionMask = 2147483647;
			files = (
			);
			runOnlyForDeploymentPostprocessing = 0;
		};
/* End PBXResourcesBuildPhase section */

/* Begin PBXSourcesBuildPhase section */
		6D48BF4D2B2F44A60002719C /* Sources */ = {
			isa = PBXSourcesBuildPhase;
			buildActionMask = 2147483647;
			files = (
				6DAD93E62B396BAB008E8DFD /* RectangleDividerView.swift in Sources */,
				6DAD93E42B396909008E8DFD /* CrewMemberView.swift in Sources */,
				6D2003E12B38C772000450E0 /* MissionView.swift in Sources */,
				6DAD93EC2B3AB6B0008E8DFD /* ListCellView.swift in Sources */,
				6D48BF892B2F758C0002719C /* Mission.swift in Sources */,
				6D2003E32B3957B5000450E0 /* AstronautView.swift in Sources */,
				6D48BF572B2F44A60002719C /* ContentView.swift in Sources */,
				6D48BF832B2F70D00002719C /* Color-Theme.swift in Sources */,
				6D48BF872B2F71E10002719C /* Bundle-Decodable.swift in Sources */,
				6D48BF552B2F44A60002719C /* MoonShotApp.swift in Sources */,
				6DAD93EA2B3AB537008E8DFD /* ListLayout.swift in Sources */,
				6D48BF852B2F714C0002719C /* Astronaut.swift in Sources */,
				6DAD93E82B3AB3B9008E8DFD /* GridLayout.swift in Sources */,
			);
			runOnlyForDeploymentPostprocessing = 0;
		};
		6D48BF5D2B2F44A70002719C /* Sources */ = {
			isa = PBXSourcesBuildPhase;
			buildActionMask = 2147483647;
			files = (
				6D48BF662B2F44A70002719C /* MoonShotTests.swift in Sources */,
			);
			runOnlyForDeploymentPostprocessing = 0;
		};
		6D48BF672B2F44A70002719C /* Sources */ = {
			isa = PBXSourcesBuildPhase;
			buildActionMask = 2147483647;
			files = (
				6D48BF722B2F44A70002719C /* MoonShotUITestsLaunchTests.swift in Sources */,
				6D48BF702B2F44A70002719C /* MoonShotUITests.swift in Sources */,
			);
			runOnlyForDeploymentPostprocessing = 0;
		};
/* End PBXSourcesBuildPhase section */

/* Begin PBXTargetDependency section */
		6D48BF632B2F44A70002719C /* PBXTargetDependency */ = {
			isa = PBXTargetDependency;
			target = 6D48BF502B2F44A60002719C /* MoonShot */;
			targetProxy = 6D48BF622B2F44A70002719C /* PBXContainerItemProxy */;
		};
		6D48BF6D2B2F44A70002719C /* PBXTargetDependency */ = {
			isa = PBXTargetDependency;
			target = 6D48BF502B2F44A60002719C /* MoonShot */;
			targetProxy = 6D48BF6C2B2F44A70002719C /* PBXContainerItemProxy */;
		};
/* End PBXTargetDependency section */

/* Begin XCBuildConfiguration section */
		6D48BF732B2F44A70002719C /* Debug */ = {
			isa = XCBuildConfiguration;
			buildSettings = {
				ALWAYS_SEARCH_USER_PATHS = NO;
				ASSETCATALOG_COMPILER_GENERATE_SWIFT_ASSET_SYMBOL_EXTENSIONS = YES;
				CLANG_ANALYZER_NONNULL = YES;
				CLANG_ANALYZER_NUMBER_OBJECT_CONVERSION = YES_AGGRESSIVE;
				CLANG_CXX_LANGUAGE_STANDARD = "gnu++20";
				CLANG_ENABLE_MODULES = YES;
				CLANG_ENABLE_OBJC_ARC = YES;
				CLANG_ENABLE_OBJC_WEAK = YES;
				CLANG_WARN_BLOCK_CAPTURE_AUTORELEASING = YES;
				CLANG_WARN_BOOL_CONVERSION = YES;
				CLANG_WARN_COMMA = YES;
				CLANG_WARN_CONSTANT_CONVERSION = YES;
				CLANG_WARN_DEPRECATED_OBJC_IMPLEMENTATIONS = YES;
				CLANG_WARN_DIRECT_OBJC_ISA_USAGE = YES_ERROR;
				CLANG_WARN_DOCUMENTATION_COMMENTS = YES;
				CLANG_WARN_EMPTY_BODY = YES;
				CLANG_WARN_ENUM_CONVERSION = YES;
				CLANG_WARN_INFINITE_RECURSION = YES;
				CLANG_WARN_INT_CONVERSION = YES;
				CLANG_WARN_NON_LITERAL_NULL_CONVERSION = YES;
				CLANG_WARN_OBJC_IMPLICIT_RETAIN_SELF = YES;
				CLANG_WARN_OBJC_LITERAL_CONVERSION = YES;
				CLANG_WARN_OBJC_ROOT_CLASS = YES_ERROR;
				CLANG_WARN_QUOTED_INCLUDE_IN_FRAMEWORK_HEADER = YES;
				CLANG_WARN_RANGE_LOOP_ANALYSIS = YES;
				CLANG_WARN_STRICT_PROTOTYPES = YES;
				CLANG_WARN_SUSPICIOUS_MOVE = YES;
				CLANG_WARN_UNGUARDED_AVAILABILITY = YES_AGGRESSIVE;
				CLANG_WARN_UNREACHABLE_CODE = YES;
				CLANG_WARN__DUPLICATE_METHOD_MATCH = YES;
				COPY_PHASE_STRIP = NO;
				DEBUG_INFORMATION_FORMAT = dwarf;
				ENABLE_STRICT_OBJC_MSGSEND = YES;
				ENABLE_TESTABILITY = YES;
				ENABLE_USER_SCRIPT_SANDBOXING = YES;
				GCC_C_LANGUAGE_STANDARD = gnu17;
				GCC_DYNAMIC_NO_PIC = NO;
				GCC_NO_COMMON_BLOCKS = YES;
				GCC_OPTIMIZATION_LEVEL = 0;
				GCC_PREPROCESSOR_DEFINITIONS = (
					"DEBUG=1",
					"$(inherited)",
				);
				GCC_WARN_64_TO_32_BIT_CONVERSION = YES;
				GCC_WARN_ABOUT_RETURN_TYPE = YES_ERROR;
				GCC_WARN_UNDECLARED_SELECTOR = YES;
				GCC_WARN_UNINITIALIZED_AUTOS = YES_AGGRESSIVE;
				GCC_WARN_UNUSED_FUNCTION = YES;
				GCC_WARN_UNUSED_VARIABLE = YES;
				IPHONEOS_DEPLOYMENT_TARGET = 17.2;
				LOCALIZATION_PREFERS_STRING_CATALOGS = YES;
				MTL_ENABLE_DEBUG_INFO = INCLUDE_SOURCE;
				MTL_FAST_MATH = YES;
				ONLY_ACTIVE_ARCH = YES;
				SDKROOT = iphoneos;
				SWIFT_ACTIVE_COMPILATION_CONDITIONS = "DEBUG $(inherited)";
				SWIFT_OPTIMIZATION_LEVEL = "-Onone";
			};
			name = Debug;
		};
		6D48BF742B2F44A70002719C /* Release */ = {
			isa = XCBuildConfiguration;
			buildSettings = {
				ALWAYS_SEARCH_USER_PATHS = NO;
				ASSETCATALOG_COMPILER_GENERATE_SWIFT_ASSET_SYMBOL_EXTENSIONS = YES;
				CLANG_ANALYZER_NONNULL = YES;
				CLANG_ANALYZER_NUMBER_OBJECT_CONVERSION = YES_AGGRESSIVE;
				CLANG_CXX_LANGUAGE_STANDARD = "gnu++20";
				CLANG_ENABLE_MODULES = YES;
				CLANG_ENABLE_OBJC_ARC = YES;
				CLANG_ENABLE_OBJC_WEAK = YES;
				CLANG_WARN_BLOCK_CAPTURE_AUTORELEASING = YES;
				CLANG_WARN_BOOL_CONVERSION = YES;
				CLANG_WARN_COMMA = YES;
				CLANG_WARN_CONSTANT_CONVERSION = YES;
				CLANG_WARN_DEPRECATED_OBJC_IMPLEMENTATIONS = YES;
				CLANG_WARN_DIRECT_OBJC_ISA_USAGE = YES_ERROR;
				CLANG_WARN_DOCUMENTATION_COMMENTS = YES;
				CLANG_WARN_EMPTY_BODY = YES;
				CLANG_WARN_ENUM_CONVERSION = YES;
				CLANG_WARN_INFINITE_RECURSION = YES;
				CLANG_WARN_INT_CONVERSION = YES;
				CLANG_WARN_NON_LITERAL_NULL_CONVERSION = YES;
				CLANG_WARN_OBJC_IMPLICIT_RETAIN_SELF = YES;
				CLANG_WARN_OBJC_LITERAL_CONVERSION = YES;
				CLANG_WARN_OBJC_ROOT_CLASS = YES_ERROR;
				CLANG_WARN_QUOTED_INCLUDE_IN_FRAMEWORK_HEADER = YES;
				CLANG_WARN_RANGE_LOOP_ANALYSIS = YES;
				CLANG_WARN_STRICT_PROTOTYPES = YES;
				CLANG_WARN_SUSPICIOUS_MOVE = YES;
				CLANG_WARN_UNGUARDED_AVAILABILITY = YES_AGGRESSIVE;
				CLANG_WARN_UNREACHABLE_CODE = YES;
				CLANG_WARN__DUPLICATE_METHOD_MATCH = YES;
				COPY_PHASE_STRIP = NO;
				DEBUG_INFORMATION_FORMAT = "dwarf-with-dsym";
				ENABLE_NS_ASSERTIONS = NO;
				ENABLE_STRICT_OBJC_MSGSEND = YES;
				ENABLE_USER_SCRIPT_SANDBOXING = YES;
				GCC_C_LANGUAGE_STANDARD = gnu17;
				GCC_NO_COMMON_BLOCKS = YES;
				GCC_WARN_64_TO_32_BIT_CONVERSION = YES;
				GCC_WARN_ABOUT_RETURN_TYPE = YES_ERROR;
				GCC_WARN_UNDECLARED_SELECTOR = YES;
				GCC_WARN_UNINITIALIZED_AUTOS = YES_AGGRESSIVE;
				GCC_WARN_UNUSED_FUNCTION = YES;
				GCC_WARN_UNUSED_VARIABLE = YES;
				IPHONEOS_DEPLOYMENT_TARGET = 17.2;
				LOCALIZATION_PREFERS_STRING_CATALOGS = YES;
				MTL_ENABLE_DEBUG_INFO = NO;
				MTL_FAST_MATH = YES;
				SDKROOT = iphoneos;
				SWIFT_COMPILATION_MODE = wholemodule;
				VALIDATE_PRODUCT = YES;
			};
			name = Release;
		};
		6D48BF762B2F44A70002719C /* Debug */ = {
			isa = XCBuildConfiguration;
			buildSettings = {
				ASSETCATALOG_COMPILER_APPICON_NAME = AppIcon;
				ASSETCATALOG_COMPILER_GLOBAL_ACCENT_COLOR_NAME = AccentColor;
				CODE_SIGN_STYLE = Automatic;
				CURRENT_PROJECT_VERSION = 1;
				DEVELOPMENT_ASSET_PATHS = "\"MoonShot/Preview Content\"";
				DEVELOPMENT_TEAM = LX72TZB635;
				ENABLE_PREVIEWS = YES;
				GENERATE_INFOPLIST_FILE = YES;
				INFOPLIST_KEY_UIApplicationSceneManifest_Generation = YES;
				INFOPLIST_KEY_UIApplicationSupportsIndirectInputEvents = YES;
				INFOPLIST_KEY_UILaunchScreen_Generation = YES;
				INFOPLIST_KEY_UISupportedInterfaceOrientations_iPad = "UIInterfaceOrientationPortrait UIInterfaceOrientationPortraitUpsideDown UIInterfaceOrientationLandscapeLeft UIInterfaceOrientationLandscapeRight";
				INFOPLIST_KEY_UISupportedInterfaceOrientations_iPhone = "UIInterfaceOrientationPortrait UIInterfaceOrientationLandscapeLeft UIInterfaceOrientationLandscapeRight";
				LD_RUNPATH_SEARCH_PATHS = (
					"$(inherited)",
					"@executable_path/Frameworks",
				);
				MARKETING_VERSION = 1.0;
				PRODUCT_BUNDLE_IDENTIFIER = me.Sajib.Ghosh.MoonShot;
				PRODUCT_NAME = "$(TARGET_NAME)";
				SWIFT_EMIT_LOC_STRINGS = YES;
				SWIFT_VERSION = 5.0;
				TARGETED_DEVICE_FAMILY = "1,2";
			};
			name = Debug;
		};
		6D48BF772B2F44A70002719C /* Release */ = {
			isa = XCBuildConfiguration;
			buildSettings = {
				ASSETCATALOG_COMPILER_APPICON_NAME = AppIcon;
				ASSETCATALOG_COMPILER_GLOBAL_ACCENT_COLOR_NAME = AccentColor;
				CODE_SIGN_STYLE = Automatic;
				CURRENT_PROJECT_VERSION = 1;
				DEVELOPMENT_ASSET_PATHS = "\"MoonShot/Preview Content\"";
				DEVELOPMENT_TEAM = LX72TZB635;
				ENABLE_PREVIEWS = YES;
				GENERATE_INFOPLIST_FILE = YES;
				INFOPLIST_KEY_UIApplicationSceneManifest_Generation = YES;
				INFOPLIST_KEY_UIApplicationSupportsIndirectInputEvents = YES;
				INFOPLIST_KEY_UILaunchScreen_Generation = YES;
				INFOPLIST_KEY_UISupportedInterfaceOrientations_iPad = "UIInterfaceOrientationPortrait UIInterfaceOrientationPortraitUpsideDown UIInterfaceOrientationLandscapeLeft UIInterfaceOrientationLandscapeRight";
				INFOPLIST_KEY_UISupportedInterfaceOrientations_iPhone = "UIInterfaceOrientationPortrait UIInterfaceOrientationLandscapeLeft UIInterfaceOrientationLandscapeRight";
				LD_RUNPATH_SEARCH_PATHS = (
					"$(inherited)",
					"@executable_path/Frameworks",
				);
				MARKETING_VERSION = 1.0;
				PRODUCT_BUNDLE_IDENTIFIER = me.Sajib.Ghosh.MoonShot;
				PRODUCT_NAME = "$(TARGET_NAME)";
				SWIFT_EMIT_LOC_STRINGS = YES;
				SWIFT_VERSION = 5.0;
				TARGETED_DEVICE_FAMILY = "1,2";
			};
			name = Release;
		};
		6D48BF792B2F44A70002719C /* Debug */ = {
			isa = XCBuildConfiguration;
			buildSettings = {
				ALWAYS_EMBED_SWIFT_STANDARD_LIBRARIES = YES;
				BUNDLE_LOADER = "$(TEST_HOST)";
				CODE_SIGN_STYLE = Automatic;
				CURRENT_PROJECT_VERSION = 1;
				DEVELOPMENT_TEAM = LX72TZB635;
				GENERATE_INFOPLIST_FILE = YES;
				IPHONEOS_DEPLOYMENT_TARGET = 17.2;
				MARKETING_VERSION = 1.0;
				PRODUCT_BUNDLE_IDENTIFIER = me.Sajib.Ghosh.MoonShotTests;
				PRODUCT_NAME = "$(TARGET_NAME)";
				SWIFT_EMIT_LOC_STRINGS = NO;
				SWIFT_VERSION = 5.0;
				TARGETED_DEVICE_FAMILY = "1,2";
				TEST_HOST = "$(BUILT_PRODUCTS_DIR)/MoonShot.app/$(BUNDLE_EXECUTABLE_FOLDER_PATH)/MoonShot";
			};
			name = Debug;
		};
		6D48BF7A2B2F44A70002719C /* Release */ = {
			isa = XCBuildConfiguration;
			buildSettings = {
				ALWAYS_EMBED_SWIFT_STANDARD_LIBRARIES = YES;
				BUNDLE_LOADER = "$(TEST_HOST)";
				CODE_SIGN_STYLE = Automatic;
				CURRENT_PROJECT_VERSION = 1;
				DEVELOPMENT_TEAM = LX72TZB635;
				GENERATE_INFOPLIST_FILE = YES;
				IPHONEOS_DEPLOYMENT_TARGET = 17.2;
				MARKETING_VERSION = 1.0;
				PRODUCT_BUNDLE_IDENTIFIER = me.Sajib.Ghosh.MoonShotTests;
				PRODUCT_NAME = "$(TARGET_NAME)";
				SWIFT_EMIT_LOC_STRINGS = NO;
				SWIFT_VERSION = 5.0;
				TARGETED_DEVICE_FAMILY = "1,2";
				TEST_HOST = "$(BUILT_PRODUCTS_DIR)/MoonShot.app/$(BUNDLE_EXECUTABLE_FOLDER_PATH)/MoonShot";
			};
			name = Release;
		};
		6D48BF7C2B2F44A70002719C /* Debug */ = {
			isa = XCBuildConfiguration;
			buildSettings = {
				ALWAYS_EMBED_SWIFT_STANDARD_LIBRARIES = YES;
				CODE_SIGN_STYLE = Automatic;
				CURRENT_PROJECT_VERSION = 1;
				DEVELOPMENT_TEAM = LX72TZB635;
				GENERATE_INFOPLIST_FILE = YES;
				MARKETING_VERSION = 1.0;
				PRODUCT_BUNDLE_IDENTIFIER = me.Sajib.Ghosh.MoonShotUITests;
				PRODUCT_NAME = "$(TARGET_NAME)";
				SWIFT_EMIT_LOC_STRINGS = NO;
				SWIFT_VERSION = 5.0;
				TARGETED_DEVICE_FAMILY = "1,2";
				TEST_TARGET_NAME = MoonShot;
			};
			name = Debug;
		};
		6D48BF7D2B2F44A70002719C /* Release */ = {
			isa = XCBuildConfiguration;
			buildSettings = {
				ALWAYS_EMBED_SWIFT_STANDARD_LIBRARIES = YES;
				CODE_SIGN_STYLE = Automatic;
				CURRENT_PROJECT_VERSION = 1;
				DEVELOPMENT_TEAM = LX72TZB635;
				GENERATE_INFOPLIST_FILE = YES;
				MARKETING_VERSION = 1.0;
				PRODUCT_BUNDLE_IDENTIFIER = me.Sajib.Ghosh.MoonShotUITests;
				PRODUCT_NAME = "$(TARGET_NAME)";
				SWIFT_EMIT_LOC_STRINGS = NO;
				SWIFT_VERSION = 5.0;
				TARGETED_DEVICE_FAMILY = "1,2";
				TEST_TARGET_NAME = MoonShot;
			};
			name = Release;
		};
/* End XCBuildConfiguration section */

/* Begin XCConfigurationList section */
		6D48BF4C2B2F44A60002719C /* Build configuration list for PBXProject "MoonShot" */ = {
			isa = XCConfigurationList;
			buildConfigurations = (
				6D48BF732B2F44A70002719C /* Debug */,
				6D48BF742B2F44A70002719C /* Release */,
			);
			defaultConfigurationIsVisible = 0;
			defaultConfigurationName = Release;
		};
		6D48BF752B2F44A70002719C /* Build configuration list for PBXNativeTarget "MoonShot" */ = {
			isa = XCConfigurationList;
			buildConfigurations = (
				6D48BF762B2F44A70002719C /* Debug */,
				6D48BF772B2F44A70002719C /* Release */,
			);
			defaultConfigurationIsVisible = 0;
			defaultConfigurationName = Release;
		};
		6D48BF782B2F44A70002719C /* Build configuration list for PBXNativeTarget "MoonShotTests" */ = {
			isa = XCConfigurationList;
			buildConfigurations = (
				6D48BF792B2F44A70002719C /* Debug */,
				6D48BF7A2B2F44A70002719C /* Release */,
			);
			defaultConfigurationIsVisible = 0;
			defaultConfigurationName = Release;
		};
		6D48BF7B2B2F44A70002719C /* Build configuration list for PBXNativeTarget "MoonShotUITests" */ = {
			isa = XCConfigurationList;
			buildConfigurations = (
				6D48BF7C2B2F44A70002719C /* Debug */,
				6D48BF7D2B2F44A70002719C /* Release */,
			);
			defaultConfigurationIsVisible = 0;
			defaultConfigurationName = Release;
		};
/* End XCConfigurationList section */
	};
	rootObject = 6D48BF492B2F44A60002719C /* Project object */;
}
